Microsoft Visual Studio Solution File, Format Version 12.00
# Visual Studio 2013
Project("{8BC9CEB8-8B4A-11D0-8D11-00A0C91BC942}") = "ALL_BUILD", "ALL_BUILD.vcxproj", "{8D558233-BDEF-374D-999A-C98D0C810941}"
	ProjectSection(ProjectDependencies) = postProject
		{F4021BC2-DFFA-33E3-AE38-7D43E3482E43} = {F4021BC2-DFFA-33E3-AE38-7D43E3482E43}
		{381E6382-5AC4-3B67-B741-552CD793A38F} = {381E6382-5AC4-3B67-B741-552CD793A38F}
		{E39BF5D6-170A-381E-A2EF-9CA802390416} = {E39BF5D6-170A-381E-A2EF-9CA802390416}
		{5705FB80-B4FD-34AD-9B29-ED8F2929F3D8} = {5705FB80-B4FD-34AD-9B29-ED8F2929F3D8}
		{00C93D59-F738-3ED9-A81C-9E4356A9862D} = {00C93D59-F738-3ED9-A81C-9E4356A9862D}
		{19B3E93B-6DFC-3B5D-8B49-7FDF3BB90776} = {19B3E93B-6DFC-3B5D-8B49-7FDF3BB90776}
		{0E832DBF-6BDD-3835-BAF4-A5AA9AF97BFF} = {0E832DBF-6BDD-3835-BAF4-A5AA9AF97BFF}
	EndProjectSection
EndProject
Project("{8BC9CEB8-8B4A-11D0-8D11-00A0C91BC942}") = "INSTALL", "INSTALL.vcxproj", "{D4978992-7000-37FA-8C8E-D81D1B000E45}"
	ProjectSection(ProjectDependencies) = postProject
		{8D558233-BDEF-374D-999A-C98D0C810941} = {8D558233-BDEF-374D-999A-C98D0C810941}
		{F4021BC2-DFFA-33E3-AE38-7D43E3482E43} = {F4021BC2-DFFA-33E3-AE38-7D43E3482E43}
	EndProjectSection
EndProject
Project("{8BC9CEB8-8B4A-11D0-8D11-00A0C91BC942}") = "ZERO_CHECK", "..\\ZERO_CHECK.vcxproj", "{F4021BC2-DFFA-33E3-AE38-7D43E3482E43}"
	ProjectSection(ProjectDependencies) = postProject
	EndProjectSection
EndProject
Project("{8BC9CEB8-8B4A-11D0-8D11-00A0C91BC942}") = "dcmdata", "..\dcmdata\libsrc\dcmdata.vcxproj", "{891C697D-84DF-3201-B1B2-1F954D550ED1}"
	ProjectSection(ProjectDependencies) = postProject
		{F4021BC2-DFFA-33E3-AE38-7D43E3482E43} = {F4021BC2-DFFA-33E3-AE38-7D43E3482E43}
	EndProjectSection
EndProject
Project("{8BC9CEB8-8B4A-11D0-8D11-00A0C91BC942}") = "dcmsr", "libsrc\dcmsr.vcxproj", "{381E6382-5AC4-3B67-B741-552CD793A38F}"
	ProjectSection(ProjectDependencies) = postProject
		{F4021BC2-DFFA-33E3-AE38-7D43E3482E43} = {F4021BC2-DFFA-33E3-AE38-7D43E3482E43}
	EndProjectSection
EndProject
Project("{8BC9CEB8-8B4A-11D0-8D11-00A0C91BC942}") = "dsr2html", "apps\dsr2html.vcxproj", "{E39BF5D6-170A-381E-A2EF-9CA802390416}"
	ProjectSection(ProjectDependencies) = postProject
		{F4021BC2-DFFA-33E3-AE38-7D43E3482E43} = {F4021BC2-DFFA-33E3-AE38-7D43E3482E43}
		{891C697D-84DF-3201-B1B2-1F954D550ED1} = {891C697D-84DF-3201-B1B2-1F954D550ED1}
		{381E6382-5AC4-3B67-B741-552CD793A38F} = {381E6382-5AC4-3B67-B741-552CD793A38F}
		{A1BB37C6-F3C8-3F65-B348-FF4A94164801} = {A1BB37C6-F3C8-3F65-B348-FF4A94164801}
		{BDF2C855-2686-30DA-AA84-DE46FF327EDF} = {BDF2C855-2686-30DA-AA84-DE46FF327EDF}
	EndProjectSection
EndProject
Project("{8BC9CEB8-8B4A-11D0-8D11-00A0C91BC942}") = "dsr2xml", "apps\dsr2xml.vcxproj", "{5705FB80-B4FD-34AD-9B29-ED8F2929F3D8}"
	ProjectSection(ProjectDependencies) = postProject
		{F4021BC2-DFFA-33E3-AE38-7D43E3482E43} = {F4021BC2-DFFA-33E3-AE38-7D43E3482E43}
		{891C697D-84DF-3201-B1B2-1F954D550ED1} = {891C697D-84DF-3201-B1B2-1F954D550ED1}
		{381E6382-5AC4-3B67-B741-552CD793A38F} = {381E6382-5AC4-3B67-B741-552CD793A38F}
		{A1BB37C6-F3C8-3F65-B348-FF4A94164801} = {A1BB37C6-F3C8-3F65-B348-FF4A94164801}
		{BDF2C855-2686-30DA-AA84-DE46FF327EDF} = {BDF2C855-2686-30DA-AA84-DE46FF327EDF}
	EndProjectSection
EndProject
Project("{8BC9CEB8-8B4A-11D0-8D11-00A0C91BC942}") = "dsrdump", "apps\dsrdump.vcxproj", "{00C93D59-F738-3ED9-A81C-9E4356A9862D}"
	ProjectSection(ProjectDependencies) = postProject
		{F4021BC2-DFFA-33E3-AE38-7D43E3482E43} = {F4021BC2-DFFA-33E3-AE38-7D43E3482E43}
		{891C697D-84DF-3201-B1B2-1F954D550ED1} = {891C697D-84DF-3201-B1B2-1F954D550ED1}
		{381E6382-5AC4-3B67-B741-552CD793A38F} = {381E6382-5AC4-3B67-B741-552CD793A38F}
		{A1BB37C6-F3C8-3F65-B348-FF4A94164801} = {A1BB37C6-F3C8-3F65-B348-FF4A94164801}
		{BDF2C855-2686-30DA-AA84-DE46FF327EDF} = {BDF2C855-2686-30DA-AA84-DE46FF327EDF}
	EndProjectSection
EndProject
Project("{8BC9CEB8-8B4A-11D0-8D11-00A0C91BC942}") = "mkreport", "tests\mkreport.vcxproj", "{19B3E93B-6DFC-3B5D-8B49-7FDF3BB90776}"
	ProjectSection(ProjectDependencies) = postProject
		{F4021BC2-DFFA-33E3-AE38-7D43E3482E43} = {F4021BC2-DFFA-33E3-AE38-7D43E3482E43}
		{891C697D-84DF-3201-B1B2-1F954D550ED1} = {891C697D-84DF-3201-B1B2-1F954D550ED1}
		{381E6382-5AC4-3B67-B741-552CD793A38F} = {381E6382-5AC4-3B67-B741-552CD793A38F}
		{A1BB37C6-F3C8-3F65-B348-FF4A94164801} = {A1BB37C6-F3C8-3F65-B348-FF4A94164801}
		{BDF2C855-2686-30DA-AA84-DE46FF327EDF} = {BDF2C855-2686-30DA-AA84-DE46FF327EDF}
	EndProjectSection
EndProject
Project("{8BC9CEB8-8B4A-11D0-8D11-00A0C91BC942}") = "oflog", "..\oflog\libsrc\oflog.vcxproj", "{A1BB37C6-F3C8-3F65-B348-FF4A94164801}"
	ProjectSection(ProjectDependencies) = postProject
		{F4021BC2-DFFA-33E3-AE38-7D43E3482E43} = {F4021BC2-DFFA-33E3-AE38-7D43E3482E43}
	EndProjectSection
EndProject
Project("{8BC9CEB8-8B4A-11D0-8D11-00A0C91BC942}") = "ofstd", "..\ofstd\libsrc\ofstd.vcxproj", "{BDF2C855-2686-30DA-AA84-DE46FF327EDF}"
	ProjectSection(ProjectDependencies) = postProject
		{F4021BC2-DFFA-33E3-AE38-7D43E3482E43} = {F4021BC2-DFFA-33E3-AE38-7D43E3482E43}
	EndProjectSection
EndProject
Project("{8BC9CEB8-8B4A-11D0-8D11-00A0C91BC942}") = "xml2dsr", "apps\xml2dsr.vcxproj", "{0E832DBF-6BDD-3835-BAF4-A5AA9AF97BFF}"
	ProjectSection(ProjectDependencies) = postProject
		{F4021BC2-DFFA-33E3-AE38-7D43E3482E43} = {F4021BC2-DFFA-33E3-AE38-7D43E3482E43}
		{891C697D-84DF-3201-B1B2-1F954D550ED1} = {891C697D-84DF-3201-B1B2-1F954D550ED1}
		{381E6382-5AC4-3B67-B741-552CD793A38F} = {381E6382-5AC4-3B67-B741-552CD793A38F}
		{A1BB37C6-F3C8-3F65-B348-FF4A94164801} = {A1BB37C6-F3C8-3F65-B348-FF4A94164801}
		{BDF2C855-2686-30DA-AA84-DE46FF327EDF} = {BDF2C855-2686-30DA-AA84-DE46FF327EDF}
	EndProjectSection
EndProject
Global
	GlobalSection(SolutionConfigurationPlatforms) = preSolution
		Release|x64 = Release|x64
	EndGlobalSection
	GlobalSection(ProjectConfigurationPlatforms) = postSolution
		{8D558233-BDEF-374D-999A-C98D0C810941}.Release|x64.ActiveCfg = Release|x64
		{8D558233-BDEF-374D-999A-C98D0C810941}.Release|x64.Build.0 = Release|x64
		{D4978992-7000-37FA-8C8E-D81D1B000E45}.Release|x64.ActiveCfg = Release|x64
		{F4021BC2-DFFA-33E3-AE38-7D43E3482E43}.Release|x64.ActiveCfg = Release|x64
		{F4021BC2-DFFA-33E3-AE38-7D43E3482E43}.Release|x64.Build.0 = Release|x64
		{891C697D-84DF-3201-B1B2-1F954D550ED1}.Release|x64.ActiveCfg = Release|x64
		{891C697D-84DF-3201-B1B2-1F954D550ED1}.Release|x64.Build.0 = Release|x64
		{381E6382-5AC4-3B67-B741-552CD793A38F}.Release|x64.ActiveCfg = Release|x64
		{381E6382-5AC4-3B67-B741-552CD793A38F}.Release|x64.Build.0 = Release|x64
		{E39BF5D6-170A-381E-A2EF-9CA802390416}.Release|x64.ActiveCfg = Release|x64
		{E39BF5D6-170A-381E-A2EF-9CA802390416}.Release|x64.Build.0 = Release|x64
		{5705FB80-B4FD-34AD-9B29-ED8F2929F3D8}.Release|x64.ActiveCfg = Release|x64
		{5705FB80-B4FD-34AD-9B29-ED8F2929F3D8}.Release|x64.Build.0 = Release|x64
		{00C93D59-F738-3ED9-A81C-9E4356A9862D}.Release|x64.ActiveCfg = Release|x64
		{00C93D59-F738-3ED9-A81C-9E4356A9862D}.Release|x64.Build.0 = Release|x64
		{19B3E93B-6DFC-3B5D-8B49-7FDF3BB90776}.Release|x64.ActiveCfg = Release|x64
		{19B3E93B-6DFC-3B5D-8B49-7FDF3BB90776}.Release|x64.Build.0 = Release|x64
		{A1BB37C6-F3C8-3F65-B348-FF4A94164801}.Release|x64.ActiveCfg = Release|x64
		{A1BB37C6-F3C8-3F65-B348-FF4A94164801}.Release|x64.Build.0 = Release|x64
		{BDF2C855-2686-30DA-AA84-DE46FF327EDF}.Release|x64.ActiveCfg = Release|x64
		{BDF2C855-2686-30DA-AA84-DE46FF327EDF}.Release|x64.Build.0 = Release|x64
		{0E832DBF-6BDD-3835-BAF4-A5AA9AF97BFF}.Release|x64.ActiveCfg = Release|x64
		{0E832DBF-6BDD-3835-BAF4-A5AA9AF97BFF}.Release|x64.Build.0 = Release|x64
	EndGlobalSection
	GlobalSection(ExtensibilityGlobals) = postSolution
	EndGlobalSection
	GlobalSection(ExtensibilityAddIns) = postSolution
	EndGlobalSection
EndGlobal
