Microsoft Visual Studio Solution File, Format Version 12.00
# Visual Studio 2013
Project("{8BC9CEB8-8B4A-11D0-8D11-00A0C91BC942}") = "ALL_BUILD", "ALL_BUILD.vcxproj", "{8D558233-BDEF-374D-999A-C98D0C810941}"
	ProjectSection(ProjectDependencies) = postProject
		{F4021BC2-DFFA-33E3-AE38-7D43E3482E43} = {F4021BC2-DFFA-33E3-AE38-7D43E3482E43}
		{CB42EAF8-2F80-31C3-9514-DF0A99C89A58} = {CB42EAF8-2F80-31C3-9514-DF0A99C89A58}
		{5A6E4F53-B6ED-3F90-9D57-C906892AA5A4} = {5A6E4F53-B6ED-3F90-9D57-C906892AA5A4}
		{1AEF5804-89CD-3207-9F35-60A7AFCCBB7B} = {1AEF5804-89CD-3207-9F35-60A7AFCCBB7B}
		{46463CC1-379F-3E94-977C-5177EA605E5D} = {46463CC1-379F-3E94-977C-5177EA605E5D}
		{4FE7AEDA-A917-3620-BCB4-7F9FF9313AA0} = {4FE7AEDA-A917-3620-BCB4-7F9FF9313AA0}
		{736D4D61-1EDA-3447-B88D-4A72962A4E48} = {736D4D61-1EDA-3447-B88D-4A72962A4E48}
		{1AB58CF1-969B-31E0-BD51-BF9812BEABFF} = {1AB58CF1-969B-31E0-BD51-BF9812BEABFF}
		{C0D080D4-B088-38A7-8538-0688A139B11F} = {C0D080D4-B088-38A7-8538-0688A139B11F}
		{891C697D-84DF-3201-B1B2-1F954D550ED1} = {891C697D-84DF-3201-B1B2-1F954D550ED1}
		{96C34222-6BC6-3833-B287-62F4D3F439DB} = {96C34222-6BC6-3833-B287-62F4D3F439DB}
		{CD91D0D7-B1B6-3FBA-AC8C-F1821281DF20} = {CD91D0D7-B1B6-3FBA-AC8C-F1821281DF20}
		{7B5E293A-87BD-3BDC-8B92-D8311ED1F7CE} = {7B5E293A-87BD-3BDC-8B92-D8311ED1F7CE}
		{C97500B8-642D-37A6-8E87-795CDE5F3F94} = {C97500B8-642D-37A6-8E87-795CDE5F3F94}
		{4D738AED-EF6A-388B-B8BF-102F0E9BCA40} = {4D738AED-EF6A-388B-B8BF-102F0E9BCA40}
		{393A97A1-2EDE-3FE5-8E2F-83BDA0D6FF6D} = {393A97A1-2EDE-3FE5-8E2F-83BDA0D6FF6D}
		{FDB3ACD7-651B-32DC-93AB-291EDC5AFF0B} = {FDB3ACD7-651B-32DC-93AB-291EDC5AFF0B}
		{FD3636EC-0B41-34FF-9F98-DD83FF09A5CA} = {FD3636EC-0B41-34FF-9F98-DD83FF09A5CA}
		{A947F26D-E5E0-3AE8-9B8A-E90C8EDEAB39} = {A947F26D-E5E0-3AE8-9B8A-E90C8EDEAB39}
		{66BEB99B-0A07-39AC-8E4D-DECCF262A7F8} = {66BEB99B-0A07-39AC-8E4D-DECCF262A7F8}
		{399E5F2E-3AA8-34E9-A002-063D4BB00F23} = {399E5F2E-3AA8-34E9-A002-063D4BB00F23}
		{B2E3F055-17BB-32D5-B32C-78C6FFB9E834} = {B2E3F055-17BB-32D5-B32C-78C6FFB9E834}
		{D431AAE3-6EFB-345B-A9B3-FCBFB6CE560F} = {D431AAE3-6EFB-345B-A9B3-FCBFB6CE560F}
		{C07067E1-9CB3-353A-9DED-5A03768CAC68} = {C07067E1-9CB3-353A-9DED-5A03768CAC68}
		{438A52B0-B5C1-3792-B592-2CD9AA20DE1D} = {438A52B0-B5C1-3792-B592-2CD9AA20DE1D}
		{65220654-05F9-315B-BD17-1DB0DD432669} = {65220654-05F9-315B-BD17-1DB0DD432669}
		{FD39F01A-49B0-35E4-8EC6-7EFEB139FD2A} = {FD39F01A-49B0-35E4-8EC6-7EFEB139FD2A}
		{2BE7B21C-A21F-33FD-B13A-42EF7EC2DBD8} = {2BE7B21C-A21F-33FD-B13A-42EF7EC2DBD8}
		{C8E9AC28-7F84-3B8C-9C80-7518063B20C4} = {C8E9AC28-7F84-3B8C-9C80-7518063B20C4}
		{C9C61AEF-452A-3F5C-A330-F271FD0F7101} = {C9C61AEF-452A-3F5C-A330-F271FD0F7101}
		{09956690-D29A-33AA-9A98-FFB3B0A122E3} = {09956690-D29A-33AA-9A98-FFB3B0A122E3}
		{2A7BB414-5FA3-32FD-85C8-EA8BAD635AA9} = {2A7BB414-5FA3-32FD-85C8-EA8BAD635AA9}
		{BD9870A3-4291-35AA-90AC-BBEA46C5C72C} = {BD9870A3-4291-35AA-90AC-BBEA46C5C72C}
		{D20C97C4-EA96-34BF-AF6F-081BA421C74C} = {D20C97C4-EA96-34BF-AF6F-081BA421C74C}
		{78C77C39-45F6-3F03-AF7A-9662DD419661} = {78C77C39-45F6-3F03-AF7A-9662DD419661}
		{6C67A03E-BEF5-3E5A-80D5-7C59E01B7397} = {6C67A03E-BEF5-3E5A-80D5-7C59E01B7397}
		{CB06DF4C-7DA7-39A4-B867-ACD532B95F51} = {CB06DF4C-7DA7-39A4-B867-ACD532B95F51}
		{C553530C-BC17-3E27-8FCA-15ECFDFE1DAF} = {C553530C-BC17-3E27-8FCA-15ECFDFE1DAF}
		{60CCC2A3-F8FE-3127-85BF-B8B4680A9607} = {60CCC2A3-F8FE-3127-85BF-B8B4680A9607}
		{8D0F9057-D067-3C9E-9E04-BEFD10A8D054} = {8D0F9057-D067-3C9E-9E04-BEFD10A8D054}
		{38D3D2C2-5476-3844-A178-FB25BE33E2E4} = {38D3D2C2-5476-3844-A178-FB25BE33E2E4}
		{4B9E2EAD-5820-3D52-8A77-8F467B6627A0} = {4B9E2EAD-5820-3D52-8A77-8F467B6627A0}
		{73CBB72B-C10F-3101-B957-6B984FC1854D} = {73CBB72B-C10F-3101-B957-6B984FC1854D}
		{A5FF2D77-D1C0-32C6-9731-B8DB84941A68} = {A5FF2D77-D1C0-32C6-9731-B8DB84941A68}
		{1CD7A340-A732-38DB-B9F4-6A218B8ECAFF} = {1CD7A340-A732-38DB-B9F4-6A218B8ECAFF}
		{381E6382-5AC4-3B67-B741-552CD793A38F} = {381E6382-5AC4-3B67-B741-552CD793A38F}
		{091C9D1B-8159-3227-9C6A-149DB961822C} = {091C9D1B-8159-3227-9C6A-149DB961822C}
		{0BAC6650-9B6C-3C65-BB47-67439C2A6A6A} = {0BAC6650-9B6C-3C65-BB47-67439C2A6A6A}
		{87B8F82C-088C-3EFE-8C95-A85CE46B8821} = {87B8F82C-088C-3EFE-8C95-A85CE46B8821}
		{9B268F9B-EE36-3AEE-AC36-62A5BE0CA14A} = {9B268F9B-EE36-3AEE-AC36-62A5BE0CA14A}
		{E39BF5D6-170A-381E-A2EF-9CA802390416} = {E39BF5D6-170A-381E-A2EF-9CA802390416}
		{5705FB80-B4FD-34AD-9B29-ED8F2929F3D8} = {5705FB80-B4FD-34AD-9B29-ED8F2929F3D8}
		{00C93D59-F738-3ED9-A81C-9E4356A9862D} = {00C93D59-F738-3ED9-A81C-9E4356A9862D}
		{A4878908-231D-34A1-87B0-16B794417293} = {A4878908-231D-34A1-87B0-16B794417293}
		{47D472D4-6DEF-3435-837A-C27C67917596} = {47D472D4-6DEF-3435-837A-C27C67917596}
		{DD9A4620-6270-3817-9327-6BD62C35D122} = {DD9A4620-6270-3817-9327-6BD62C35D122}
		{BCAC9C3B-EE55-3E20-8066-307459097368} = {BCAC9C3B-EE55-3E20-8066-307459097368}
		{D004AEA7-DBA3-304B-B66A-F4D23EE9E067} = {D004AEA7-DBA3-304B-B66A-F4D23EE9E067}
		{41A9EE40-82BA-3A15-B3E8-A351D7CA900E} = {41A9EE40-82BA-3A15-B3E8-A351D7CA900E}
		{D675E46B-6FD5-34C4-9AE8-EF4EB68C416E} = {D675E46B-6FD5-34C4-9AE8-EF4EB68C416E}
		{1374CBF8-29B3-301D-AB2E-553A68213F90} = {1374CBF8-29B3-301D-AB2E-553A68213F90}
		{469D5256-284F-3673-B389-4C895371044F} = {469D5256-284F-3673-B389-4C895371044F}
		{19B3E93B-6DFC-3B5D-8B49-7FDF3BB90776} = {19B3E93B-6DFC-3B5D-8B49-7FDF3BB90776}
		{A9ECBD44-D1FC-336C-BDD7-7E3AAE667F84} = {A9ECBD44-D1FC-336C-BDD7-7E3AAE667F84}
		{A1BB37C6-F3C8-3F65-B348-FF4A94164801} = {A1BB37C6-F3C8-3F65-B348-FF4A94164801}
		{BDF2C855-2686-30DA-AA84-DE46FF327EDF} = {BDF2C855-2686-30DA-AA84-DE46FF327EDF}
		{19C07D97-4E6E-3860-8AA9-F7CAD677EBAB} = {19C07D97-4E6E-3860-8AA9-F7CAD677EBAB}
		{CFFDC1FE-B57D-377F-8A0C-EED24DDCF78E} = {CFFDC1FE-B57D-377F-8A0C-EED24DDCF78E}
		{C448EE8E-D45D-353B-943A-E55E79936E79} = {C448EE8E-D45D-353B-943A-E55E79936E79}
		{E449991F-2419-386A-A997-93DA3CB99F89} = {E449991F-2419-386A-A997-93DA3CB99F89}
		{4EDD4E90-F559-3963-9D16-5F4658193BB8} = {4EDD4E90-F559-3963-9D16-5F4658193BB8}
		{9330A1DF-4604-32B6-9B8B-79351D96CF9F} = {9330A1DF-4604-32B6-9B8B-79351D96CF9F}
		{72B5C36E-5184-386C-8095-B30CDC18D014} = {72B5C36E-5184-386C-8095-B30CDC18D014}
		{3D4ABC8F-B378-30C3-B314-C7A5E0F0A433} = {3D4ABC8F-B378-30C3-B314-C7A5E0F0A433}
		{9D2913B7-E846-3F51-AECC-37707D53AD62} = {9D2913B7-E846-3F51-AECC-37707D53AD62}
		{F30836C1-7A82-39BB-B9DE-F90E217937C6} = {F30836C1-7A82-39BB-B9DE-F90E217937C6}
		{0E832DBF-6BDD-3835-BAF4-A5AA9AF97BFF} = {0E832DBF-6BDD-3835-BAF4-A5AA9AF97BFF}
	EndProjectSection
EndProject
Project("{8BC9CEB8-8B4A-11D0-8D11-00A0C91BC942}") = "INSTALL", "INSTALL.vcxproj", "{D4978992-7000-37FA-8C8E-D81D1B000E45}"
	ProjectSection(ProjectDependencies) = postProject
		{8D558233-BDEF-374D-999A-C98D0C810941} = {8D558233-BDEF-374D-999A-C98D0C810941}
		{F4021BC2-DFFA-33E3-AE38-7D43E3482E43} = {F4021BC2-DFFA-33E3-AE38-7D43E3482E43}
	EndProjectSection
EndProject
Project("{8BC9CEB8-8B4A-11D0-8D11-00A0C91BC942}") = "ZERO_CHECK", "ZERO_CHECK.vcxproj", "{F4021BC2-DFFA-33E3-AE38-7D43E3482E43}"
	ProjectSection(ProjectDependencies) = postProject
	EndProjectSection
EndProject
Project("{8BC9CEB8-8B4A-11D0-8D11-00A0C91BC942}") = "charls", "dcmjpls\libcharls\charls.vcxproj", "{CB42EAF8-2F80-31C3-9514-DF0A99C89A58}"
	ProjectSection(ProjectDependencies) = postProject
		{F4021BC2-DFFA-33E3-AE38-7D43E3482E43} = {F4021BC2-DFFA-33E3-AE38-7D43E3482E43}
	EndProjectSection
EndProject
Project("{8BC9CEB8-8B4A-11D0-8D11-00A0C91BC942}") = "dcm2pdf", "dcmdata\apps\dcm2pdf.vcxproj", "{5A6E4F53-B6ED-3F90-9D57-C906892AA5A4}"
	ProjectSection(ProjectDependencies) = postProject
		{F4021BC2-DFFA-33E3-AE38-7D43E3482E43} = {F4021BC2-DFFA-33E3-AE38-7D43E3482E43}
		{891C697D-84DF-3201-B1B2-1F954D550ED1} = {891C697D-84DF-3201-B1B2-1F954D550ED1}
		{A1BB37C6-F3C8-3F65-B348-FF4A94164801} = {A1BB37C6-F3C8-3F65-B348-FF4A94164801}
		{BDF2C855-2686-30DA-AA84-DE46FF327EDF} = {BDF2C855-2686-30DA-AA84-DE46FF327EDF}
	EndProjectSection
EndProject
Project("{8BC9CEB8-8B4A-11D0-8D11-00A0C91BC942}") = "dcm2pnm", "dcmimage\apps\dcm2pnm.vcxproj", "{1AEF5804-89CD-3207-9F35-60A7AFCCBB7B}"
	ProjectSection(ProjectDependencies) = postProject
		{F4021BC2-DFFA-33E3-AE38-7D43E3482E43} = {F4021BC2-DFFA-33E3-AE38-7D43E3482E43}
		{891C697D-84DF-3201-B1B2-1F954D550ED1} = {891C697D-84DF-3201-B1B2-1F954D550ED1}
		{A947F26D-E5E0-3AE8-9B8A-E90C8EDEAB39} = {A947F26D-E5E0-3AE8-9B8A-E90C8EDEAB39}
		{66BEB99B-0A07-39AC-8E4D-DECCF262A7F8} = {66BEB99B-0A07-39AC-8E4D-DECCF262A7F8}
		{A1BB37C6-F3C8-3F65-B348-FF4A94164801} = {A1BB37C6-F3C8-3F65-B348-FF4A94164801}
		{BDF2C855-2686-30DA-AA84-DE46FF327EDF} = {BDF2C855-2686-30DA-AA84-DE46FF327EDF}
	EndProjectSection
EndProject
Project("{8BC9CEB8-8B4A-11D0-8D11-00A0C91BC942}") = "dcm2xml", "dcmdata\apps\dcm2xml.vcxproj", "{46463CC1-379F-3E94-977C-5177EA605E5D}"
	ProjectSection(ProjectDependencies) = postProject
		{F4021BC2-DFFA-33E3-AE38-7D43E3482E43} = {F4021BC2-DFFA-33E3-AE38-7D43E3482E43}
		{891C697D-84DF-3201-B1B2-1F954D550ED1} = {891C697D-84DF-3201-B1B2-1F954D550ED1}
		{A1BB37C6-F3C8-3F65-B348-FF4A94164801} = {A1BB37C6-F3C8-3F65-B348-FF4A94164801}
		{BDF2C855-2686-30DA-AA84-DE46FF327EDF} = {BDF2C855-2686-30DA-AA84-DE46FF327EDF}
	EndProjectSection
EndProject
Project("{8BC9CEB8-8B4A-11D0-8D11-00A0C91BC942}") = "dcmcjpeg", "dcmjpeg\apps\dcmcjpeg.vcxproj", "{4FE7AEDA-A917-3620-BCB4-7F9FF9313AA0}"
	ProjectSection(ProjectDependencies) = postProject
		{F4021BC2-DFFA-33E3-AE38-7D43E3482E43} = {F4021BC2-DFFA-33E3-AE38-7D43E3482E43}
		{891C697D-84DF-3201-B1B2-1F954D550ED1} = {891C697D-84DF-3201-B1B2-1F954D550ED1}
		{A947F26D-E5E0-3AE8-9B8A-E90C8EDEAB39} = {A947F26D-E5E0-3AE8-9B8A-E90C8EDEAB39}
		{66BEB99B-0A07-39AC-8E4D-DECCF262A7F8} = {66BEB99B-0A07-39AC-8E4D-DECCF262A7F8}
		{B2E3F055-17BB-32D5-B32C-78C6FFB9E834} = {B2E3F055-17BB-32D5-B32C-78C6FFB9E834}
		{D004AEA7-DBA3-304B-B66A-F4D23EE9E067} = {D004AEA7-DBA3-304B-B66A-F4D23EE9E067}
		{41A9EE40-82BA-3A15-B3E8-A351D7CA900E} = {41A9EE40-82BA-3A15-B3E8-A351D7CA900E}
		{D675E46B-6FD5-34C4-9AE8-EF4EB68C416E} = {D675E46B-6FD5-34C4-9AE8-EF4EB68C416E}
		{A1BB37C6-F3C8-3F65-B348-FF4A94164801} = {A1BB37C6-F3C8-3F65-B348-FF4A94164801}
		{BDF2C855-2686-30DA-AA84-DE46FF327EDF} = {BDF2C855-2686-30DA-AA84-DE46FF327EDF}
	EndProjectSection
EndProject
Project("{8BC9CEB8-8B4A-11D0-8D11-00A0C91BC942}") = "dcmcjpls", "dcmjpls\apps\dcmcjpls.vcxproj", "{736D4D61-1EDA-3447-B88D-4A72962A4E48}"
	ProjectSection(ProjectDependencies) = postProject
		{F4021BC2-DFFA-33E3-AE38-7D43E3482E43} = {F4021BC2-DFFA-33E3-AE38-7D43E3482E43}
		{CB42EAF8-2F80-31C3-9514-DF0A99C89A58} = {CB42EAF8-2F80-31C3-9514-DF0A99C89A58}
		{891C697D-84DF-3201-B1B2-1F954D550ED1} = {891C697D-84DF-3201-B1B2-1F954D550ED1}
		{A947F26D-E5E0-3AE8-9B8A-E90C8EDEAB39} = {A947F26D-E5E0-3AE8-9B8A-E90C8EDEAB39}
		{66BEB99B-0A07-39AC-8E4D-DECCF262A7F8} = {66BEB99B-0A07-39AC-8E4D-DECCF262A7F8}
		{D431AAE3-6EFB-345B-A9B3-FCBFB6CE560F} = {D431AAE3-6EFB-345B-A9B3-FCBFB6CE560F}
		{A1BB37C6-F3C8-3F65-B348-FF4A94164801} = {A1BB37C6-F3C8-3F65-B348-FF4A94164801}
		{BDF2C855-2686-30DA-AA84-DE46FF327EDF} = {BDF2C855-2686-30DA-AA84-DE46FF327EDF}
	EndProjectSection
EndProject
Project("{8BC9CEB8-8B4A-11D0-8D11-00A0C91BC942}") = "dcmconv", "dcmdata\apps\dcmconv.vcxproj", "{1AB58CF1-969B-31E0-BD51-BF9812BEABFF}"
	ProjectSection(ProjectDependencies) = postProject
		{F4021BC2-DFFA-33E3-AE38-7D43E3482E43} = {F4021BC2-DFFA-33E3-AE38-7D43E3482E43}
		{891C697D-84DF-3201-B1B2-1F954D550ED1} = {891C697D-84DF-3201-B1B2-1F954D550ED1}
		{A1BB37C6-F3C8-3F65-B348-FF4A94164801} = {A1BB37C6-F3C8-3F65-B348-FF4A94164801}
		{BDF2C855-2686-30DA-AA84-DE46FF327EDF} = {BDF2C855-2686-30DA-AA84-DE46FF327EDF}
	EndProjectSection
EndProject
Project("{8BC9CEB8-8B4A-11D0-8D11-00A0C91BC942}") = "dcmcrle", "dcmdata\apps\dcmcrle.vcxproj", "{C0D080D4-B088-38A7-8538-0688A139B11F}"
	ProjectSection(ProjectDependencies) = postProject
		{F4021BC2-DFFA-33E3-AE38-7D43E3482E43} = {F4021BC2-DFFA-33E3-AE38-7D43E3482E43}
		{891C697D-84DF-3201-B1B2-1F954D550ED1} = {891C697D-84DF-3201-B1B2-1F954D550ED1}
		{A1BB37C6-F3C8-3F65-B348-FF4A94164801} = {A1BB37C6-F3C8-3F65-B348-FF4A94164801}
		{BDF2C855-2686-30DA-AA84-DE46FF327EDF} = {BDF2C855-2686-30DA-AA84-DE46FF327EDF}
	EndProjectSection
EndProject
Project("{8BC9CEB8-8B4A-11D0-8D11-00A0C91BC942}") = "dcmdata", "dcmdata\libsrc\dcmdata.vcxproj", "{891C697D-84DF-3201-B1B2-1F954D550ED1}"
	ProjectSection(ProjectDependencies) = postProject
		{F4021BC2-DFFA-33E3-AE38-7D43E3482E43} = {F4021BC2-DFFA-33E3-AE38-7D43E3482E43}
	EndProjectSection
EndProject
Project("{8BC9CEB8-8B4A-11D0-8D11-00A0C91BC942}") = "dcmdjpeg", "dcmjpeg\apps\dcmdjpeg.vcxproj", "{96C34222-6BC6-3833-B287-62F4D3F439DB}"
	ProjectSection(ProjectDependencies) = postProject
		{F4021BC2-DFFA-33E3-AE38-7D43E3482E43} = {F4021BC2-DFFA-33E3-AE38-7D43E3482E43}
		{891C697D-84DF-3201-B1B2-1F954D550ED1} = {891C697D-84DF-3201-B1B2-1F954D550ED1}
		{A947F26D-E5E0-3AE8-9B8A-E90C8EDEAB39} = {A947F26D-E5E0-3AE8-9B8A-E90C8EDEAB39}
		{66BEB99B-0A07-39AC-8E4D-DECCF262A7F8} = {66BEB99B-0A07-39AC-8E4D-DECCF262A7F8}
		{B2E3F055-17BB-32D5-B32C-78C6FFB9E834} = {B2E3F055-17BB-32D5-B32C-78C6FFB9E834}
		{D004AEA7-DBA3-304B-B66A-F4D23EE9E067} = {D004AEA7-DBA3-304B-B66A-F4D23EE9E067}
		{41A9EE40-82BA-3A15-B3E8-A351D7CA900E} = {41A9EE40-82BA-3A15-B3E8-A351D7CA900E}
		{D675E46B-6FD5-34C4-9AE8-EF4EB68C416E} = {D675E46B-6FD5-34C4-9AE8-EF4EB68C416E}
		{A1BB37C6-F3C8-3F65-B348-FF4A94164801} = {A1BB37C6-F3C8-3F65-B348-FF4A94164801}
		{BDF2C855-2686-30DA-AA84-DE46FF327EDF} = {BDF2C855-2686-30DA-AA84-DE46FF327EDF}
	EndProjectSection
EndProject
Project("{8BC9CEB8-8B4A-11D0-8D11-00A0C91BC942}") = "dcmdjpls", "dcmjpls\apps\dcmdjpls.vcxproj", "{CD91D0D7-B1B6-3FBA-AC8C-F1821281DF20}"
	ProjectSection(ProjectDependencies) = postProject
		{F4021BC2-DFFA-33E3-AE38-7D43E3482E43} = {F4021BC2-DFFA-33E3-AE38-7D43E3482E43}
		{CB42EAF8-2F80-31C3-9514-DF0A99C89A58} = {CB42EAF8-2F80-31C3-9514-DF0A99C89A58}
		{891C697D-84DF-3201-B1B2-1F954D550ED1} = {891C697D-84DF-3201-B1B2-1F954D550ED1}
		{A947F26D-E5E0-3AE8-9B8A-E90C8EDEAB39} = {A947F26D-E5E0-3AE8-9B8A-E90C8EDEAB39}
		{66BEB99B-0A07-39AC-8E4D-DECCF262A7F8} = {66BEB99B-0A07-39AC-8E4D-DECCF262A7F8}
		{D431AAE3-6EFB-345B-A9B3-FCBFB6CE560F} = {D431AAE3-6EFB-345B-A9B3-FCBFB6CE560F}
		{A1BB37C6-F3C8-3F65-B348-FF4A94164801} = {A1BB37C6-F3C8-3F65-B348-FF4A94164801}
		{BDF2C855-2686-30DA-AA84-DE46FF327EDF} = {BDF2C855-2686-30DA-AA84-DE46FF327EDF}
	EndProjectSection
EndProject
Project("{8BC9CEB8-8B4A-11D0-8D11-00A0C91BC942}") = "dcmdrle", "dcmdata\apps\dcmdrle.vcxproj", "{7B5E293A-87BD-3BDC-8B92-D8311ED1F7CE}"
	ProjectSection(ProjectDependencies) = postProject
		{F4021BC2-DFFA-33E3-AE38-7D43E3482E43} = {F4021BC2-DFFA-33E3-AE38-7D43E3482E43}
		{891C697D-84DF-3201-B1B2-1F954D550ED1} = {891C697D-84DF-3201-B1B2-1F954D550ED1}
		{A1BB37C6-F3C8-3F65-B348-FF4A94164801} = {A1BB37C6-F3C8-3F65-B348-FF4A94164801}
		{BDF2C855-2686-30DA-AA84-DE46FF327EDF} = {BDF2C855-2686-30DA-AA84-DE46FF327EDF}
	EndProjectSection
EndProject
Project("{8BC9CEB8-8B4A-11D0-8D11-00A0C91BC942}") = "dcmdsig", "dcmsign\libsrc\dcmdsig.vcxproj", "{C97500B8-642D-37A6-8E87-795CDE5F3F94}"
	ProjectSection(ProjectDependencies) = postProject
		{F4021BC2-DFFA-33E3-AE38-7D43E3482E43} = {F4021BC2-DFFA-33E3-AE38-7D43E3482E43}
	EndProjectSection
EndProject
Project("{8BC9CEB8-8B4A-11D0-8D11-00A0C91BC942}") = "dcmdspfn", "dcmimgle\apps\dcmdspfn.vcxproj", "{4D738AED-EF6A-388B-B8BF-102F0E9BCA40}"
	ProjectSection(ProjectDependencies) = postProject
		{F4021BC2-DFFA-33E3-AE38-7D43E3482E43} = {F4021BC2-DFFA-33E3-AE38-7D43E3482E43}
		{891C697D-84DF-3201-B1B2-1F954D550ED1} = {891C697D-84DF-3201-B1B2-1F954D550ED1}
		{66BEB99B-0A07-39AC-8E4D-DECCF262A7F8} = {66BEB99B-0A07-39AC-8E4D-DECCF262A7F8}
		{A1BB37C6-F3C8-3F65-B348-FF4A94164801} = {A1BB37C6-F3C8-3F65-B348-FF4A94164801}
		{BDF2C855-2686-30DA-AA84-DE46FF327EDF} = {BDF2C855-2686-30DA-AA84-DE46FF327EDF}
	EndProjectSection
EndProject
Project("{8BC9CEB8-8B4A-11D0-8D11-00A0C91BC942}") = "dcmdump", "dcmdata\apps\dcmdump.vcxproj", "{393A97A1-2EDE-3FE5-8E2F-83BDA0D6FF6D}"
	ProjectSection(ProjectDependencies) = postProject
		{F4021BC2-DFFA-33E3-AE38-7D43E3482E43} = {F4021BC2-DFFA-33E3-AE38-7D43E3482E43}
		{891C697D-84DF-3201-B1B2-1F954D550ED1} = {891C697D-84DF-3201-B1B2-1F954D550ED1}
		{A1BB37C6-F3C8-3F65-B348-FF4A94164801} = {A1BB37C6-F3C8-3F65-B348-FF4A94164801}
		{BDF2C855-2686-30DA-AA84-DE46FF327EDF} = {BDF2C855-2686-30DA-AA84-DE46FF327EDF}
	EndProjectSection
EndProject
Project("{8BC9CEB8-8B4A-11D0-8D11-00A0C91BC942}") = "dcmftest", "dcmdata\apps\dcmftest.vcxproj", "{FDB3ACD7-651B-32DC-93AB-291EDC5AFF0B}"
	ProjectSection(ProjectDependencies) = postProject
		{F4021BC2-DFFA-33E3-AE38-7D43E3482E43} = {F4021BC2-DFFA-33E3-AE38-7D43E3482E43}
		{BDF2C855-2686-30DA-AA84-DE46FF327EDF} = {BDF2C855-2686-30DA-AA84-DE46FF327EDF}
	EndProjectSection
EndProject
Project("{8BC9CEB8-8B4A-11D0-8D11-00A0C91BC942}") = "dcmgpdir", "dcmdata\apps\dcmgpdir.vcxproj", "{FD3636EC-0B41-34FF-9F98-DD83FF09A5CA}"
	ProjectSection(ProjectDependencies) = postProject
		{F4021BC2-DFFA-33E3-AE38-7D43E3482E43} = {F4021BC2-DFFA-33E3-AE38-7D43E3482E43}
		{891C697D-84DF-3201-B1B2-1F954D550ED1} = {891C697D-84DF-3201-B1B2-1F954D550ED1}
		{A1BB37C6-F3C8-3F65-B348-FF4A94164801} = {A1BB37C6-F3C8-3F65-B348-FF4A94164801}
		{BDF2C855-2686-30DA-AA84-DE46FF327EDF} = {BDF2C855-2686-30DA-AA84-DE46FF327EDF}
	EndProjectSection
EndProject
Project("{8BC9CEB8-8B4A-11D0-8D11-00A0C91BC942}") = "dcmimage", "dcmimage\libsrc\dcmimage.vcxproj", "{A947F26D-E5E0-3AE8-9B8A-E90C8EDEAB39}"
	ProjectSection(ProjectDependencies) = postProject
		{F4021BC2-DFFA-33E3-AE38-7D43E3482E43} = {F4021BC2-DFFA-33E3-AE38-7D43E3482E43}
	EndProjectSection
EndProject
Project("{8BC9CEB8-8B4A-11D0-8D11-00A0C91BC942}") = "dcmimgle", "dcmimgle\libsrc\dcmimgle.vcxproj", "{66BEB99B-0A07-39AC-8E4D-DECCF262A7F8}"
	ProjectSection(ProjectDependencies) = postProject
		{F4021BC2-DFFA-33E3-AE38-7D43E3482E43} = {F4021BC2-DFFA-33E3-AE38-7D43E3482E43}
	EndProjectSection
EndProject
Project("{8BC9CEB8-8B4A-11D0-8D11-00A0C91BC942}") = "dcmj2pnm", "dcmjpeg\apps\dcmj2pnm.vcxproj", "{399E5F2E-3AA8-34E9-A002-063D4BB00F23}"
	ProjectSection(ProjectDependencies) = postProject
		{F4021BC2-DFFA-33E3-AE38-7D43E3482E43} = {F4021BC2-DFFA-33E3-AE38-7D43E3482E43}
		{891C697D-84DF-3201-B1B2-1F954D550ED1} = {891C697D-84DF-3201-B1B2-1F954D550ED1}
		{A947F26D-E5E0-3AE8-9B8A-E90C8EDEAB39} = {A947F26D-E5E0-3AE8-9B8A-E90C8EDEAB39}
		{66BEB99B-0A07-39AC-8E4D-DECCF262A7F8} = {66BEB99B-0A07-39AC-8E4D-DECCF262A7F8}
		{B2E3F055-17BB-32D5-B32C-78C6FFB9E834} = {B2E3F055-17BB-32D5-B32C-78C6FFB9E834}
		{D004AEA7-DBA3-304B-B66A-F4D23EE9E067} = {D004AEA7-DBA3-304B-B66A-F4D23EE9E067}
		{41A9EE40-82BA-3A15-B3E8-A351D7CA900E} = {41A9EE40-82BA-3A15-B3E8-A351D7CA900E}
		{D675E46B-6FD5-34C4-9AE8-EF4EB68C416E} = {D675E46B-6FD5-34C4-9AE8-EF4EB68C416E}
		{A1BB37C6-F3C8-3F65-B348-FF4A94164801} = {A1BB37C6-F3C8-3F65-B348-FF4A94164801}
		{BDF2C855-2686-30DA-AA84-DE46FF327EDF} = {BDF2C855-2686-30DA-AA84-DE46FF327EDF}
	EndProjectSection
EndProject
Project("{8BC9CEB8-8B4A-11D0-8D11-00A0C91BC942}") = "dcmjpeg", "dcmjpeg\libsrc\dcmjpeg.vcxproj", "{B2E3F055-17BB-32D5-B32C-78C6FFB9E834}"
	ProjectSection(ProjectDependencies) = postProject
		{F4021BC2-DFFA-33E3-AE38-7D43E3482E43} = {F4021BC2-DFFA-33E3-AE38-7D43E3482E43}
	EndProjectSection
EndProject
Project("{8BC9CEB8-8B4A-11D0-8D11-00A0C91BC942}") = "dcmjpls", "dcmjpls\libsrc\dcmjpls.vcxproj", "{D431AAE3-6EFB-345B-A9B3-FCBFB6CE560F}"
	ProjectSection(ProjectDependencies) = postProject
		{F4021BC2-DFFA-33E3-AE38-7D43E3482E43} = {F4021BC2-DFFA-33E3-AE38-7D43E3482E43}
	EndProjectSection
EndProject
Project("{8BC9CEB8-8B4A-11D0-8D11-00A0C91BC942}") = "dcml2pnm", "dcmjpls\apps\dcml2pnm.vcxproj", "{C07067E1-9CB3-353A-9DED-5A03768CAC68}"
	ProjectSection(ProjectDependencies) = postProject
		{F4021BC2-DFFA-33E3-AE38-7D43E3482E43} = {F4021BC2-DFFA-33E3-AE38-7D43E3482E43}
		{CB42EAF8-2F80-31C3-9514-DF0A99C89A58} = {CB42EAF8-2F80-31C3-9514-DF0A99C89A58}
		{891C697D-84DF-3201-B1B2-1F954D550ED1} = {891C697D-84DF-3201-B1B2-1F954D550ED1}
		{A947F26D-E5E0-3AE8-9B8A-E90C8EDEAB39} = {A947F26D-E5E0-3AE8-9B8A-E90C8EDEAB39}
		{66BEB99B-0A07-39AC-8E4D-DECCF262A7F8} = {66BEB99B-0A07-39AC-8E4D-DECCF262A7F8}
		{D431AAE3-6EFB-345B-A9B3-FCBFB6CE560F} = {D431AAE3-6EFB-345B-A9B3-FCBFB6CE560F}
		{A1BB37C6-F3C8-3F65-B348-FF4A94164801} = {A1BB37C6-F3C8-3F65-B348-FF4A94164801}
		{BDF2C855-2686-30DA-AA84-DE46FF327EDF} = {BDF2C855-2686-30DA-AA84-DE46FF327EDF}
	EndProjectSection
EndProject
Project("{8BC9CEB8-8B4A-11D0-8D11-00A0C91BC942}") = "dcmmkcrv", "dcmpstat\apps\dcmmkcrv.vcxproj", "{438A52B0-B5C1-3792-B592-2CD9AA20DE1D}"
	ProjectSection(ProjectDependencies) = postProject
		{F4021BC2-DFFA-33E3-AE38-7D43E3482E43} = {F4021BC2-DFFA-33E3-AE38-7D43E3482E43}
		{891C697D-84DF-3201-B1B2-1F954D550ED1} = {891C697D-84DF-3201-B1B2-1F954D550ED1}
		{66BEB99B-0A07-39AC-8E4D-DECCF262A7F8} = {66BEB99B-0A07-39AC-8E4D-DECCF262A7F8}
		{2BE7B21C-A21F-33FD-B13A-42EF7EC2DBD8} = {2BE7B21C-A21F-33FD-B13A-42EF7EC2DBD8}
		{C553530C-BC17-3E27-8FCA-15ECFDFE1DAF} = {C553530C-BC17-3E27-8FCA-15ECFDFE1DAF}
		{60CCC2A3-F8FE-3127-85BF-B8B4680A9607} = {60CCC2A3-F8FE-3127-85BF-B8B4680A9607}
		{A1BB37C6-F3C8-3F65-B348-FF4A94164801} = {A1BB37C6-F3C8-3F65-B348-FF4A94164801}
		{BDF2C855-2686-30DA-AA84-DE46FF327EDF} = {BDF2C855-2686-30DA-AA84-DE46FF327EDF}
	EndProjectSection
EndProject
Project("{8BC9CEB8-8B4A-11D0-8D11-00A0C91BC942}") = "dcmmkdir", "dcmjpeg\apps\dcmmkdir.vcxproj", "{65220654-05F9-315B-BD17-1DB0DD432669}"
	ProjectSection(ProjectDependencies) = postProject
		{F4021BC2-DFFA-33E3-AE38-7D43E3482E43} = {F4021BC2-DFFA-33E3-AE38-7D43E3482E43}
		{891C697D-84DF-3201-B1B2-1F954D550ED1} = {891C697D-84DF-3201-B1B2-1F954D550ED1}
		{A947F26D-E5E0-3AE8-9B8A-E90C8EDEAB39} = {A947F26D-E5E0-3AE8-9B8A-E90C8EDEAB39}
		{66BEB99B-0A07-39AC-8E4D-DECCF262A7F8} = {66BEB99B-0A07-39AC-8E4D-DECCF262A7F8}
		{B2E3F055-17BB-32D5-B32C-78C6FFB9E834} = {B2E3F055-17BB-32D5-B32C-78C6FFB9E834}
		{D004AEA7-DBA3-304B-B66A-F4D23EE9E067} = {D004AEA7-DBA3-304B-B66A-F4D23EE9E067}
		{41A9EE40-82BA-3A15-B3E8-A351D7CA900E} = {41A9EE40-82BA-3A15-B3E8-A351D7CA900E}
		{D675E46B-6FD5-34C4-9AE8-EF4EB68C416E} = {D675E46B-6FD5-34C4-9AE8-EF4EB68C416E}
		{A1BB37C6-F3C8-3F65-B348-FF4A94164801} = {A1BB37C6-F3C8-3F65-B348-FF4A94164801}
		{BDF2C855-2686-30DA-AA84-DE46FF327EDF} = {BDF2C855-2686-30DA-AA84-DE46FF327EDF}
	EndProjectSection
EndProject
Project("{8BC9CEB8-8B4A-11D0-8D11-00A0C91BC942}") = "dcmmklut", "dcmpstat\apps\dcmmklut.vcxproj", "{FD39F01A-49B0-35E4-8EC6-7EFEB139FD2A}"
	ProjectSection(ProjectDependencies) = postProject
		{F4021BC2-DFFA-33E3-AE38-7D43E3482E43} = {F4021BC2-DFFA-33E3-AE38-7D43E3482E43}
		{891C697D-84DF-3201-B1B2-1F954D550ED1} = {891C697D-84DF-3201-B1B2-1F954D550ED1}
		{66BEB99B-0A07-39AC-8E4D-DECCF262A7F8} = {66BEB99B-0A07-39AC-8E4D-DECCF262A7F8}
		{2BE7B21C-A21F-33FD-B13A-42EF7EC2DBD8} = {2BE7B21C-A21F-33FD-B13A-42EF7EC2DBD8}
		{C553530C-BC17-3E27-8FCA-15ECFDFE1DAF} = {C553530C-BC17-3E27-8FCA-15ECFDFE1DAF}
		{60CCC2A3-F8FE-3127-85BF-B8B4680A9607} = {60CCC2A3-F8FE-3127-85BF-B8B4680A9607}
		{381E6382-5AC4-3B67-B741-552CD793A38F} = {381E6382-5AC4-3B67-B741-552CD793A38F}
		{A1BB37C6-F3C8-3F65-B348-FF4A94164801} = {A1BB37C6-F3C8-3F65-B348-FF4A94164801}
		{BDF2C855-2686-30DA-AA84-DE46FF327EDF} = {BDF2C855-2686-30DA-AA84-DE46FF327EDF}
	EndProjectSection
EndProject
Project("{8BC9CEB8-8B4A-11D0-8D11-00A0C91BC942}") = "dcmnet", "dcmnet\libsrc\dcmnet.vcxproj", "{2BE7B21C-A21F-33FD-B13A-42EF7EC2DBD8}"
	ProjectSection(ProjectDependencies) = postProject
		{F4021BC2-DFFA-33E3-AE38-7D43E3482E43} = {F4021BC2-DFFA-33E3-AE38-7D43E3482E43}
	EndProjectSection
EndProject
Project("{8BC9CEB8-8B4A-11D0-8D11-00A0C91BC942}") = "dcmodify", "dcmdata\apps\dcmodify.vcxproj", "{C8E9AC28-7F84-3B8C-9C80-7518063B20C4}"
	ProjectSection(ProjectDependencies) = postProject
		{F4021BC2-DFFA-33E3-AE38-7D43E3482E43} = {F4021BC2-DFFA-33E3-AE38-7D43E3482E43}
		{891C697D-84DF-3201-B1B2-1F954D550ED1} = {891C697D-84DF-3201-B1B2-1F954D550ED1}
		{A1BB37C6-F3C8-3F65-B348-FF4A94164801} = {A1BB37C6-F3C8-3F65-B348-FF4A94164801}
		{BDF2C855-2686-30DA-AA84-DE46FF327EDF} = {BDF2C855-2686-30DA-AA84-DE46FF327EDF}
	EndProjectSection
EndProject
Project("{8BC9CEB8-8B4A-11D0-8D11-00A0C91BC942}") = "dcmp2pgm", "dcmpstat\apps\dcmp2pgm.vcxproj", "{C9C61AEF-452A-3F5C-A330-F271FD0F7101}"
	ProjectSection(ProjectDependencies) = postProject
		{F4021BC2-DFFA-33E3-AE38-7D43E3482E43} = {F4021BC2-DFFA-33E3-AE38-7D43E3482E43}
		{891C697D-84DF-3201-B1B2-1F954D550ED1} = {891C697D-84DF-3201-B1B2-1F954D550ED1}
		{C97500B8-642D-37A6-8E87-795CDE5F3F94} = {C97500B8-642D-37A6-8E87-795CDE5F3F94}
		{66BEB99B-0A07-39AC-8E4D-DECCF262A7F8} = {66BEB99B-0A07-39AC-8E4D-DECCF262A7F8}
		{2BE7B21C-A21F-33FD-B13A-42EF7EC2DBD8} = {2BE7B21C-A21F-33FD-B13A-42EF7EC2DBD8}
		{C553530C-BC17-3E27-8FCA-15ECFDFE1DAF} = {C553530C-BC17-3E27-8FCA-15ECFDFE1DAF}
		{60CCC2A3-F8FE-3127-85BF-B8B4680A9607} = {60CCC2A3-F8FE-3127-85BF-B8B4680A9607}
		{381E6382-5AC4-3B67-B741-552CD793A38F} = {381E6382-5AC4-3B67-B741-552CD793A38F}
		{091C9D1B-8159-3227-9C6A-149DB961822C} = {091C9D1B-8159-3227-9C6A-149DB961822C}
		{A1BB37C6-F3C8-3F65-B348-FF4A94164801} = {A1BB37C6-F3C8-3F65-B348-FF4A94164801}
		{BDF2C855-2686-30DA-AA84-DE46FF327EDF} = {BDF2C855-2686-30DA-AA84-DE46FF327EDF}
	EndProjectSection
EndProject
Project("{8BC9CEB8-8B4A-11D0-8D11-00A0C91BC942}") = "dcmprscp", "dcmpstat\apps\dcmprscp.vcxproj", "{09956690-D29A-33AA-9A98-FFB3B0A122E3}"
	ProjectSection(ProjectDependencies) = postProject
		{F4021BC2-DFFA-33E3-AE38-7D43E3482E43} = {F4021BC2-DFFA-33E3-AE38-7D43E3482E43}
		{891C697D-84DF-3201-B1B2-1F954D550ED1} = {891C697D-84DF-3201-B1B2-1F954D550ED1}
		{C97500B8-642D-37A6-8E87-795CDE5F3F94} = {C97500B8-642D-37A6-8E87-795CDE5F3F94}
		{66BEB99B-0A07-39AC-8E4D-DECCF262A7F8} = {66BEB99B-0A07-39AC-8E4D-DECCF262A7F8}
		{2BE7B21C-A21F-33FD-B13A-42EF7EC2DBD8} = {2BE7B21C-A21F-33FD-B13A-42EF7EC2DBD8}
		{C553530C-BC17-3E27-8FCA-15ECFDFE1DAF} = {C553530C-BC17-3E27-8FCA-15ECFDFE1DAF}
		{60CCC2A3-F8FE-3127-85BF-B8B4680A9607} = {60CCC2A3-F8FE-3127-85BF-B8B4680A9607}
		{381E6382-5AC4-3B67-B741-552CD793A38F} = {381E6382-5AC4-3B67-B741-552CD793A38F}
		{091C9D1B-8159-3227-9C6A-149DB961822C} = {091C9D1B-8159-3227-9C6A-149DB961822C}
		{A1BB37C6-F3C8-3F65-B348-FF4A94164801} = {A1BB37C6-F3C8-3F65-B348-FF4A94164801}
		{BDF2C855-2686-30DA-AA84-DE46FF327EDF} = {BDF2C855-2686-30DA-AA84-DE46FF327EDF}
	EndProjectSection
EndProject
Project("{8BC9CEB8-8B4A-11D0-8D11-00A0C91BC942}") = "dcmprscu", "dcmpstat\apps\dcmprscu.vcxproj", "{2A7BB414-5FA3-32FD-85C8-EA8BAD635AA9}"
	ProjectSection(ProjectDependencies) = postProject
		{F4021BC2-DFFA-33E3-AE38-7D43E3482E43} = {F4021BC2-DFFA-33E3-AE38-7D43E3482E43}
		{891C697D-84DF-3201-B1B2-1F954D550ED1} = {891C697D-84DF-3201-B1B2-1F954D550ED1}
		{C97500B8-642D-37A6-8E87-795CDE5F3F94} = {C97500B8-642D-37A6-8E87-795CDE5F3F94}
		{66BEB99B-0A07-39AC-8E4D-DECCF262A7F8} = {66BEB99B-0A07-39AC-8E4D-DECCF262A7F8}
		{2BE7B21C-A21F-33FD-B13A-42EF7EC2DBD8} = {2BE7B21C-A21F-33FD-B13A-42EF7EC2DBD8}
		{C553530C-BC17-3E27-8FCA-15ECFDFE1DAF} = {C553530C-BC17-3E27-8FCA-15ECFDFE1DAF}
		{60CCC2A3-F8FE-3127-85BF-B8B4680A9607} = {60CCC2A3-F8FE-3127-85BF-B8B4680A9607}
		{381E6382-5AC4-3B67-B741-552CD793A38F} = {381E6382-5AC4-3B67-B741-552CD793A38F}
		{091C9D1B-8159-3227-9C6A-149DB961822C} = {091C9D1B-8159-3227-9C6A-149DB961822C}
		{A1BB37C6-F3C8-3F65-B348-FF4A94164801} = {A1BB37C6-F3C8-3F65-B348-FF4A94164801}
		{BDF2C855-2686-30DA-AA84-DE46FF327EDF} = {BDF2C855-2686-30DA-AA84-DE46FF327EDF}
	EndProjectSection
EndProject
Project("{8BC9CEB8-8B4A-11D0-8D11-00A0C91BC942}") = "dcmpschk", "dcmpstat\apps\dcmpschk.vcxproj", "{BD9870A3-4291-35AA-90AC-BBEA46C5C72C}"
	ProjectSection(ProjectDependencies) = postProject
		{F4021BC2-DFFA-33E3-AE38-7D43E3482E43} = {F4021BC2-DFFA-33E3-AE38-7D43E3482E43}
		{891C697D-84DF-3201-B1B2-1F954D550ED1} = {891C697D-84DF-3201-B1B2-1F954D550ED1}
		{66BEB99B-0A07-39AC-8E4D-DECCF262A7F8} = {66BEB99B-0A07-39AC-8E4D-DECCF262A7F8}
		{2BE7B21C-A21F-33FD-B13A-42EF7EC2DBD8} = {2BE7B21C-A21F-33FD-B13A-42EF7EC2DBD8}
		{C553530C-BC17-3E27-8FCA-15ECFDFE1DAF} = {C553530C-BC17-3E27-8FCA-15ECFDFE1DAF}
		{60CCC2A3-F8FE-3127-85BF-B8B4680A9607} = {60CCC2A3-F8FE-3127-85BF-B8B4680A9607}
		{381E6382-5AC4-3B67-B741-552CD793A38F} = {381E6382-5AC4-3B67-B741-552CD793A38F}
		{A1BB37C6-F3C8-3F65-B348-FF4A94164801} = {A1BB37C6-F3C8-3F65-B348-FF4A94164801}
		{BDF2C855-2686-30DA-AA84-DE46FF327EDF} = {BDF2C855-2686-30DA-AA84-DE46FF327EDF}
	EndProjectSection
EndProject
Project("{8BC9CEB8-8B4A-11D0-8D11-00A0C91BC942}") = "dcmpsmk", "dcmpstat\apps\dcmpsmk.vcxproj", "{D20C97C4-EA96-34BF-AF6F-081BA421C74C}"
	ProjectSection(ProjectDependencies) = postProject
		{F4021BC2-DFFA-33E3-AE38-7D43E3482E43} = {F4021BC2-DFFA-33E3-AE38-7D43E3482E43}
		{891C697D-84DF-3201-B1B2-1F954D550ED1} = {891C697D-84DF-3201-B1B2-1F954D550ED1}
		{66BEB99B-0A07-39AC-8E4D-DECCF262A7F8} = {66BEB99B-0A07-39AC-8E4D-DECCF262A7F8}
		{2BE7B21C-A21F-33FD-B13A-42EF7EC2DBD8} = {2BE7B21C-A21F-33FD-B13A-42EF7EC2DBD8}
		{C553530C-BC17-3E27-8FCA-15ECFDFE1DAF} = {C553530C-BC17-3E27-8FCA-15ECFDFE1DAF}
		{60CCC2A3-F8FE-3127-85BF-B8B4680A9607} = {60CCC2A3-F8FE-3127-85BF-B8B4680A9607}
		{381E6382-5AC4-3B67-B741-552CD793A38F} = {381E6382-5AC4-3B67-B741-552CD793A38F}
		{A1BB37C6-F3C8-3F65-B348-FF4A94164801} = {A1BB37C6-F3C8-3F65-B348-FF4A94164801}
		{BDF2C855-2686-30DA-AA84-DE46FF327EDF} = {BDF2C855-2686-30DA-AA84-DE46FF327EDF}
	EndProjectSection
EndProject
Project("{8BC9CEB8-8B4A-11D0-8D11-00A0C91BC942}") = "dcmpsprt", "dcmpstat\apps\dcmpsprt.vcxproj", "{78C77C39-45F6-3F03-AF7A-9662DD419661}"
	ProjectSection(ProjectDependencies) = postProject
		{F4021BC2-DFFA-33E3-AE38-7D43E3482E43} = {F4021BC2-DFFA-33E3-AE38-7D43E3482E43}
		{891C697D-84DF-3201-B1B2-1F954D550ED1} = {891C697D-84DF-3201-B1B2-1F954D550ED1}
		{C97500B8-642D-37A6-8E87-795CDE5F3F94} = {C97500B8-642D-37A6-8E87-795CDE5F3F94}
		{66BEB99B-0A07-39AC-8E4D-DECCF262A7F8} = {66BEB99B-0A07-39AC-8E4D-DECCF262A7F8}
		{2BE7B21C-A21F-33FD-B13A-42EF7EC2DBD8} = {2BE7B21C-A21F-33FD-B13A-42EF7EC2DBD8}
		{C553530C-BC17-3E27-8FCA-15ECFDFE1DAF} = {C553530C-BC17-3E27-8FCA-15ECFDFE1DAF}
		{60CCC2A3-F8FE-3127-85BF-B8B4680A9607} = {60CCC2A3-F8FE-3127-85BF-B8B4680A9607}
		{381E6382-5AC4-3B67-B741-552CD793A38F} = {381E6382-5AC4-3B67-B741-552CD793A38F}
		{091C9D1B-8159-3227-9C6A-149DB961822C} = {091C9D1B-8159-3227-9C6A-149DB961822C}
		{A1BB37C6-F3C8-3F65-B348-FF4A94164801} = {A1BB37C6-F3C8-3F65-B348-FF4A94164801}
		{BDF2C855-2686-30DA-AA84-DE46FF327EDF} = {BDF2C855-2686-30DA-AA84-DE46FF327EDF}
	EndProjectSection
EndProject
Project("{8BC9CEB8-8B4A-11D0-8D11-00A0C91BC942}") = "dcmpsrcv", "dcmpstat\apps\dcmpsrcv.vcxproj", "{6C67A03E-BEF5-3E5A-80D5-7C59E01B7397}"
	ProjectSection(ProjectDependencies) = postProject
		{F4021BC2-DFFA-33E3-AE38-7D43E3482E43} = {F4021BC2-DFFA-33E3-AE38-7D43E3482E43}
		{891C697D-84DF-3201-B1B2-1F954D550ED1} = {891C697D-84DF-3201-B1B2-1F954D550ED1}
		{C97500B8-642D-37A6-8E87-795CDE5F3F94} = {C97500B8-642D-37A6-8E87-795CDE5F3F94}
		{66BEB99B-0A07-39AC-8E4D-DECCF262A7F8} = {66BEB99B-0A07-39AC-8E4D-DECCF262A7F8}
		{2BE7B21C-A21F-33FD-B13A-42EF7EC2DBD8} = {2BE7B21C-A21F-33FD-B13A-42EF7EC2DBD8}
		{C553530C-BC17-3E27-8FCA-15ECFDFE1DAF} = {C553530C-BC17-3E27-8FCA-15ECFDFE1DAF}
		{60CCC2A3-F8FE-3127-85BF-B8B4680A9607} = {60CCC2A3-F8FE-3127-85BF-B8B4680A9607}
		{381E6382-5AC4-3B67-B741-552CD793A38F} = {381E6382-5AC4-3B67-B741-552CD793A38F}
		{091C9D1B-8159-3227-9C6A-149DB961822C} = {091C9D1B-8159-3227-9C6A-149DB961822C}
		{A1BB37C6-F3C8-3F65-B348-FF4A94164801} = {A1BB37C6-F3C8-3F65-B348-FF4A94164801}
		{BDF2C855-2686-30DA-AA84-DE46FF327EDF} = {BDF2C855-2686-30DA-AA84-DE46FF327EDF}
	EndProjectSection
EndProject
Project("{8BC9CEB8-8B4A-11D0-8D11-00A0C91BC942}") = "dcmpssnd", "dcmpstat\apps\dcmpssnd.vcxproj", "{CB06DF4C-7DA7-39A4-B867-ACD532B95F51}"
	ProjectSection(ProjectDependencies) = postProject
		{F4021BC2-DFFA-33E3-AE38-7D43E3482E43} = {F4021BC2-DFFA-33E3-AE38-7D43E3482E43}
		{891C697D-84DF-3201-B1B2-1F954D550ED1} = {891C697D-84DF-3201-B1B2-1F954D550ED1}
		{C97500B8-642D-37A6-8E87-795CDE5F3F94} = {C97500B8-642D-37A6-8E87-795CDE5F3F94}
		{66BEB99B-0A07-39AC-8E4D-DECCF262A7F8} = {66BEB99B-0A07-39AC-8E4D-DECCF262A7F8}
		{2BE7B21C-A21F-33FD-B13A-42EF7EC2DBD8} = {2BE7B21C-A21F-33FD-B13A-42EF7EC2DBD8}
		{C553530C-BC17-3E27-8FCA-15ECFDFE1DAF} = {C553530C-BC17-3E27-8FCA-15ECFDFE1DAF}
		{60CCC2A3-F8FE-3127-85BF-B8B4680A9607} = {60CCC2A3-F8FE-3127-85BF-B8B4680A9607}
		{381E6382-5AC4-3B67-B741-552CD793A38F} = {381E6382-5AC4-3B67-B741-552CD793A38F}
		{091C9D1B-8159-3227-9C6A-149DB961822C} = {091C9D1B-8159-3227-9C6A-149DB961822C}
		{A1BB37C6-F3C8-3F65-B348-FF4A94164801} = {A1BB37C6-F3C8-3F65-B348-FF4A94164801}
		{BDF2C855-2686-30DA-AA84-DE46FF327EDF} = {BDF2C855-2686-30DA-AA84-DE46FF327EDF}
	EndProjectSection
EndProject
Project("{8BC9CEB8-8B4A-11D0-8D11-00A0C91BC942}") = "dcmpstat", "dcmpstat\libsrc\dcmpstat.vcxproj", "{C553530C-BC17-3E27-8FCA-15ECFDFE1DAF}"
	ProjectSection(ProjectDependencies) = postProject
		{F4021BC2-DFFA-33E3-AE38-7D43E3482E43} = {F4021BC2-DFFA-33E3-AE38-7D43E3482E43}
	EndProjectSection
EndProject
Project("{8BC9CEB8-8B4A-11D0-8D11-00A0C91BC942}") = "dcmqrdb", "dcmqrdb\libsrc\dcmqrdb.vcxproj", "{60CCC2A3-F8FE-3127-85BF-B8B4680A9607}"
	ProjectSection(ProjectDependencies) = postProject
		{F4021BC2-DFFA-33E3-AE38-7D43E3482E43} = {F4021BC2-DFFA-33E3-AE38-7D43E3482E43}
	EndProjectSection
EndProject
Project("{8BC9CEB8-8B4A-11D0-8D11-00A0C91BC942}") = "dcmqridx", "dcmqrdb\apps\dcmqridx.vcxproj", "{8D0F9057-D067-3C9E-9E04-BEFD10A8D054}"
	ProjectSection(ProjectDependencies) = postProject
		{F4021BC2-DFFA-33E3-AE38-7D43E3482E43} = {F4021BC2-DFFA-33E3-AE38-7D43E3482E43}
		{891C697D-84DF-3201-B1B2-1F954D550ED1} = {891C697D-84DF-3201-B1B2-1F954D550ED1}
		{2BE7B21C-A21F-33FD-B13A-42EF7EC2DBD8} = {2BE7B21C-A21F-33FD-B13A-42EF7EC2DBD8}
		{60CCC2A3-F8FE-3127-85BF-B8B4680A9607} = {60CCC2A3-F8FE-3127-85BF-B8B4680A9607}
		{A1BB37C6-F3C8-3F65-B348-FF4A94164801} = {A1BB37C6-F3C8-3F65-B348-FF4A94164801}
		{BDF2C855-2686-30DA-AA84-DE46FF327EDF} = {BDF2C855-2686-30DA-AA84-DE46FF327EDF}
	EndProjectSection
EndProject
Project("{8BC9CEB8-8B4A-11D0-8D11-00A0C91BC942}") = "dcmqrscp", "dcmqrdb\apps\dcmqrscp.vcxproj", "{38D3D2C2-5476-3844-A178-FB25BE33E2E4}"
	ProjectSection(ProjectDependencies) = postProject
		{F4021BC2-DFFA-33E3-AE38-7D43E3482E43} = {F4021BC2-DFFA-33E3-AE38-7D43E3482E43}
		{891C697D-84DF-3201-B1B2-1F954D550ED1} = {891C697D-84DF-3201-B1B2-1F954D550ED1}
		{2BE7B21C-A21F-33FD-B13A-42EF7EC2DBD8} = {2BE7B21C-A21F-33FD-B13A-42EF7EC2DBD8}
		{60CCC2A3-F8FE-3127-85BF-B8B4680A9607} = {60CCC2A3-F8FE-3127-85BF-B8B4680A9607}
		{A1BB37C6-F3C8-3F65-B348-FF4A94164801} = {A1BB37C6-F3C8-3F65-B348-FF4A94164801}
		{BDF2C855-2686-30DA-AA84-DE46FF327EDF} = {BDF2C855-2686-30DA-AA84-DE46FF327EDF}
	EndProjectSection
EndProject
Project("{8BC9CEB8-8B4A-11D0-8D11-00A0C91BC942}") = "dcmqrti", "dcmqrdb\apps\dcmqrti.vcxproj", "{4B9E2EAD-5820-3D52-8A77-8F467B6627A0}"
	ProjectSection(ProjectDependencies) = postProject
		{F4021BC2-DFFA-33E3-AE38-7D43E3482E43} = {F4021BC2-DFFA-33E3-AE38-7D43E3482E43}
		{891C697D-84DF-3201-B1B2-1F954D550ED1} = {891C697D-84DF-3201-B1B2-1F954D550ED1}
		{2BE7B21C-A21F-33FD-B13A-42EF7EC2DBD8} = {2BE7B21C-A21F-33FD-B13A-42EF7EC2DBD8}
		{60CCC2A3-F8FE-3127-85BF-B8B4680A9607} = {60CCC2A3-F8FE-3127-85BF-B8B4680A9607}
		{A1BB37C6-F3C8-3F65-B348-FF4A94164801} = {A1BB37C6-F3C8-3F65-B348-FF4A94164801}
		{BDF2C855-2686-30DA-AA84-DE46FF327EDF} = {BDF2C855-2686-30DA-AA84-DE46FF327EDF}
	EndProjectSection
EndProject
Project("{8BC9CEB8-8B4A-11D0-8D11-00A0C91BC942}") = "dcmquant", "dcmimage\apps\dcmquant.vcxproj", "{73CBB72B-C10F-3101-B957-6B984FC1854D}"
	ProjectSection(ProjectDependencies) = postProject
		{F4021BC2-DFFA-33E3-AE38-7D43E3482E43} = {F4021BC2-DFFA-33E3-AE38-7D43E3482E43}
		{891C697D-84DF-3201-B1B2-1F954D550ED1} = {891C697D-84DF-3201-B1B2-1F954D550ED1}
		{A947F26D-E5E0-3AE8-9B8A-E90C8EDEAB39} = {A947F26D-E5E0-3AE8-9B8A-E90C8EDEAB39}
		{66BEB99B-0A07-39AC-8E4D-DECCF262A7F8} = {66BEB99B-0A07-39AC-8E4D-DECCF262A7F8}
		{A1BB37C6-F3C8-3F65-B348-FF4A94164801} = {A1BB37C6-F3C8-3F65-B348-FF4A94164801}
		{BDF2C855-2686-30DA-AA84-DE46FF327EDF} = {BDF2C855-2686-30DA-AA84-DE46FF327EDF}
	EndProjectSection
EndProject
Project("{8BC9CEB8-8B4A-11D0-8D11-00A0C91BC942}") = "dcmscale", "dcmimage\apps\dcmscale.vcxproj", "{A5FF2D77-D1C0-32C6-9731-B8DB84941A68}"
	ProjectSection(ProjectDependencies) = postProject
		{F4021BC2-DFFA-33E3-AE38-7D43E3482E43} = {F4021BC2-DFFA-33E3-AE38-7D43E3482E43}
		{891C697D-84DF-3201-B1B2-1F954D550ED1} = {891C697D-84DF-3201-B1B2-1F954D550ED1}
		{A947F26D-E5E0-3AE8-9B8A-E90C8EDEAB39} = {A947F26D-E5E0-3AE8-9B8A-E90C8EDEAB39}
		{66BEB99B-0A07-39AC-8E4D-DECCF262A7F8} = {66BEB99B-0A07-39AC-8E4D-DECCF262A7F8}
		{A1BB37C6-F3C8-3F65-B348-FF4A94164801} = {A1BB37C6-F3C8-3F65-B348-FF4A94164801}
		{BDF2C855-2686-30DA-AA84-DE46FF327EDF} = {BDF2C855-2686-30DA-AA84-DE46FF327EDF}
	EndProjectSection
EndProject
Project("{8BC9CEB8-8B4A-11D0-8D11-00A0C91BC942}") = "dcmsign", "dcmsign\apps\dcmsign.vcxproj", "{1CD7A340-A732-38DB-B9F4-6A218B8ECAFF}"
	ProjectSection(ProjectDependencies) = postProject
		{F4021BC2-DFFA-33E3-AE38-7D43E3482E43} = {F4021BC2-DFFA-33E3-AE38-7D43E3482E43}
		{891C697D-84DF-3201-B1B2-1F954D550ED1} = {891C697D-84DF-3201-B1B2-1F954D550ED1}
		{C97500B8-642D-37A6-8E87-795CDE5F3F94} = {C97500B8-642D-37A6-8E87-795CDE5F3F94}
		{A1BB37C6-F3C8-3F65-B348-FF4A94164801} = {A1BB37C6-F3C8-3F65-B348-FF4A94164801}
		{BDF2C855-2686-30DA-AA84-DE46FF327EDF} = {BDF2C855-2686-30DA-AA84-DE46FF327EDF}
	EndProjectSection
EndProject
Project("{8BC9CEB8-8B4A-11D0-8D11-00A0C91BC942}") = "dcmsr", "dcmsr\libsrc\dcmsr.vcxproj", "{381E6382-5AC4-3B67-B741-552CD793A38F}"
	ProjectSection(ProjectDependencies) = postProject
		{F4021BC2-DFFA-33E3-AE38-7D43E3482E43} = {F4021BC2-DFFA-33E3-AE38-7D43E3482E43}
	EndProjectSection
EndProject
Project("{8BC9CEB8-8B4A-11D0-8D11-00A0C91BC942}") = "dcmtls", "dcmtls\libsrc\dcmtls.vcxproj", "{091C9D1B-8159-3227-9C6A-149DB961822C}"
	ProjectSection(ProjectDependencies) = postProject
		{F4021BC2-DFFA-33E3-AE38-7D43E3482E43} = {F4021BC2-DFFA-33E3-AE38-7D43E3482E43}
	EndProjectSection
EndProject
Project("{8BC9CEB8-8B4A-11D0-8D11-00A0C91BC942}") = "dcmwlm", "dcmwlm\libsrc\dcmwlm.vcxproj", "{0BAC6650-9B6C-3C65-BB47-67439C2A6A6A}"
	ProjectSection(ProjectDependencies) = postProject
		{F4021BC2-DFFA-33E3-AE38-7D43E3482E43} = {F4021BC2-DFFA-33E3-AE38-7D43E3482E43}
	EndProjectSection
EndProject
Project("{8BC9CEB8-8B4A-11D0-8D11-00A0C91BC942}") = "dcod2lum", "dcmimgle\apps\dcod2lum.vcxproj", "{87B8F82C-088C-3EFE-8C95-A85CE46B8821}"
	ProjectSection(ProjectDependencies) = postProject
		{F4021BC2-DFFA-33E3-AE38-7D43E3482E43} = {F4021BC2-DFFA-33E3-AE38-7D43E3482E43}
		{66BEB99B-0A07-39AC-8E4D-DECCF262A7F8} = {66BEB99B-0A07-39AC-8E4D-DECCF262A7F8}
		{A1BB37C6-F3C8-3F65-B348-FF4A94164801} = {A1BB37C6-F3C8-3F65-B348-FF4A94164801}
		{BDF2C855-2686-30DA-AA84-DE46FF327EDF} = {BDF2C855-2686-30DA-AA84-DE46FF327EDF}
	EndProjectSection
EndProject
Project("{8BC9CEB8-8B4A-11D0-8D11-00A0C91BC942}") = "dconvlum", "dcmimgle\apps\dconvlum.vcxproj", "{9B268F9B-EE36-3AEE-AC36-62A5BE0CA14A}"
	ProjectSection(ProjectDependencies) = postProject
		{F4021BC2-DFFA-33E3-AE38-7D43E3482E43} = {F4021BC2-DFFA-33E3-AE38-7D43E3482E43}
		{66BEB99B-0A07-39AC-8E4D-DECCF262A7F8} = {66BEB99B-0A07-39AC-8E4D-DECCF262A7F8}
		{A1BB37C6-F3C8-3F65-B348-FF4A94164801} = {A1BB37C6-F3C8-3F65-B348-FF4A94164801}
		{BDF2C855-2686-30DA-AA84-DE46FF327EDF} = {BDF2C855-2686-30DA-AA84-DE46FF327EDF}
	EndProjectSection
EndProject
Project("{8BC9CEB8-8B4A-11D0-8D11-00A0C91BC942}") = "dsr2html", "dcmsr\apps\dsr2html.vcxproj", "{E39BF5D6-170A-381E-A2EF-9CA802390416}"
	ProjectSection(ProjectDependencies) = postProject
		{F4021BC2-DFFA-33E3-AE38-7D43E3482E43} = {F4021BC2-DFFA-33E3-AE38-7D43E3482E43}
		{891C697D-84DF-3201-B1B2-1F954D550ED1} = {891C697D-84DF-3201-B1B2-1F954D550ED1}
		{381E6382-5AC4-3B67-B741-552CD793A38F} = {381E6382-5AC4-3B67-B741-552CD793A38F}
		{A1BB37C6-F3C8-3F65-B348-FF4A94164801} = {A1BB37C6-F3C8-3F65-B348-FF4A94164801}
		{BDF2C855-2686-30DA-AA84-DE46FF327EDF} = {BDF2C855-2686-30DA-AA84-DE46FF327EDF}
	EndProjectSection
EndProject
Project("{8BC9CEB8-8B4A-11D0-8D11-00A0C91BC942}") = "dsr2xml", "dcmsr\apps\dsr2xml.vcxproj", "{5705FB80-B4FD-34AD-9B29-ED8F2929F3D8}"
	ProjectSection(ProjectDependencies) = postProject
		{F4021BC2-DFFA-33E3-AE38-7D43E3482E43} = {F4021BC2-DFFA-33E3-AE38-7D43E3482E43}
		{891C697D-84DF-3201-B1B2-1F954D550ED1} = {891C697D-84DF-3201-B1B2-1F954D550ED1}
		{381E6382-5AC4-3B67-B741-552CD793A38F} = {381E6382-5AC4-3B67-B741-552CD793A38F}
		{A1BB37C6-F3C8-3F65-B348-FF4A94164801} = {A1BB37C6-F3C8-3F65-B348-FF4A94164801}
		{BDF2C855-2686-30DA-AA84-DE46FF327EDF} = {BDF2C855-2686-30DA-AA84-DE46FF327EDF}
	EndProjectSection
EndProject
Project("{8BC9CEB8-8B4A-11D0-8D11-00A0C91BC942}") = "dsrdump", "dcmsr\apps\dsrdump.vcxproj", "{00C93D59-F738-3ED9-A81C-9E4356A9862D}"
	ProjectSection(ProjectDependencies) = postProject
		{F4021BC2-DFFA-33E3-AE38-7D43E3482E43} = {F4021BC2-DFFA-33E3-AE38-7D43E3482E43}
		{891C697D-84DF-3201-B1B2-1F954D550ED1} = {891C697D-84DF-3201-B1B2-1F954D550ED1}
		{381E6382-5AC4-3B67-B741-552CD793A38F} = {381E6382-5AC4-3B67-B741-552CD793A38F}
		{A1BB37C6-F3C8-3F65-B348-FF4A94164801} = {A1BB37C6-F3C8-3F65-B348-FF4A94164801}
		{BDF2C855-2686-30DA-AA84-DE46FF327EDF} = {BDF2C855-2686-30DA-AA84-DE46FF327EDF}
	EndProjectSection
EndProject
Project("{8BC9CEB8-8B4A-11D0-8D11-00A0C91BC942}") = "dump2dcm", "dcmdata\apps\dump2dcm.vcxproj", "{A4878908-231D-34A1-87B0-16B794417293}"
	ProjectSection(ProjectDependencies) = postProject
		{F4021BC2-DFFA-33E3-AE38-7D43E3482E43} = {F4021BC2-DFFA-33E3-AE38-7D43E3482E43}
		{891C697D-84DF-3201-B1B2-1F954D550ED1} = {891C697D-84DF-3201-B1B2-1F954D550ED1}
		{A1BB37C6-F3C8-3F65-B348-FF4A94164801} = {A1BB37C6-F3C8-3F65-B348-FF4A94164801}
		{BDF2C855-2686-30DA-AA84-DE46FF327EDF} = {BDF2C855-2686-30DA-AA84-DE46FF327EDF}
	EndProjectSection
EndProject
Project("{8BC9CEB8-8B4A-11D0-8D11-00A0C91BC942}") = "echoscu", "dcmnet\apps\echoscu.vcxproj", "{47D472D4-6DEF-3435-837A-C27C67917596}"
	ProjectSection(ProjectDependencies) = postProject
		{F4021BC2-DFFA-33E3-AE38-7D43E3482E43} = {F4021BC2-DFFA-33E3-AE38-7D43E3482E43}
		{891C697D-84DF-3201-B1B2-1F954D550ED1} = {891C697D-84DF-3201-B1B2-1F954D550ED1}
		{2BE7B21C-A21F-33FD-B13A-42EF7EC2DBD8} = {2BE7B21C-A21F-33FD-B13A-42EF7EC2DBD8}
		{091C9D1B-8159-3227-9C6A-149DB961822C} = {091C9D1B-8159-3227-9C6A-149DB961822C}
		{A1BB37C6-F3C8-3F65-B348-FF4A94164801} = {A1BB37C6-F3C8-3F65-B348-FF4A94164801}
		{BDF2C855-2686-30DA-AA84-DE46FF327EDF} = {BDF2C855-2686-30DA-AA84-DE46FF327EDF}
	EndProjectSection
EndProject
Project("{8BC9CEB8-8B4A-11D0-8D11-00A0C91BC942}") = "findscu", "dcmnet\apps\findscu.vcxproj", "{DD9A4620-6270-3817-9327-6BD62C35D122}"
	ProjectSection(ProjectDependencies) = postProject
		{F4021BC2-DFFA-33E3-AE38-7D43E3482E43} = {F4021BC2-DFFA-33E3-AE38-7D43E3482E43}
		{891C697D-84DF-3201-B1B2-1F954D550ED1} = {891C697D-84DF-3201-B1B2-1F954D550ED1}
		{2BE7B21C-A21F-33FD-B13A-42EF7EC2DBD8} = {2BE7B21C-A21F-33FD-B13A-42EF7EC2DBD8}
		{091C9D1B-8159-3227-9C6A-149DB961822C} = {091C9D1B-8159-3227-9C6A-149DB961822C}
		{A1BB37C6-F3C8-3F65-B348-FF4A94164801} = {A1BB37C6-F3C8-3F65-B348-FF4A94164801}
		{BDF2C855-2686-30DA-AA84-DE46FF327EDF} = {BDF2C855-2686-30DA-AA84-DE46FF327EDF}
	EndProjectSection
EndProject
Project("{8BC9CEB8-8B4A-11D0-8D11-00A0C91BC942}") = "i2dbmp", "dcmdata\tests\i2dbmp.vcxproj", "{BCAC9C3B-EE55-3E20-8066-307459097368}"
	ProjectSection(ProjectDependencies) = postProject
		{F4021BC2-DFFA-33E3-AE38-7D43E3482E43} = {F4021BC2-DFFA-33E3-AE38-7D43E3482E43}
		{891C697D-84DF-3201-B1B2-1F954D550ED1} = {891C697D-84DF-3201-B1B2-1F954D550ED1}
		{469D5256-284F-3673-B389-4C895371044F} = {469D5256-284F-3673-B389-4C895371044F}
		{A1BB37C6-F3C8-3F65-B348-FF4A94164801} = {A1BB37C6-F3C8-3F65-B348-FF4A94164801}
		{BDF2C855-2686-30DA-AA84-DE46FF327EDF} = {BDF2C855-2686-30DA-AA84-DE46FF327EDF}
	EndProjectSection
EndProject
Project("{8BC9CEB8-8B4A-11D0-8D11-00A0C91BC942}") = "ijg12", "dcmjpeg\libijg12\ijg12.vcxproj", "{D004AEA7-DBA3-304B-B66A-F4D23EE9E067}"
	ProjectSection(ProjectDependencies) = postProject
		{F4021BC2-DFFA-33E3-AE38-7D43E3482E43} = {F4021BC2-DFFA-33E3-AE38-7D43E3482E43}
	EndProjectSection
EndProject
Project("{8BC9CEB8-8B4A-11D0-8D11-00A0C91BC942}") = "ijg16", "dcmjpeg\libijg16\ijg16.vcxproj", "{41A9EE40-82BA-3A15-B3E8-A351D7CA900E}"
	ProjectSection(ProjectDependencies) = postProject
		{F4021BC2-DFFA-33E3-AE38-7D43E3482E43} = {F4021BC2-DFFA-33E3-AE38-7D43E3482E43}
	EndProjectSection
EndProject
Project("{8BC9CEB8-8B4A-11D0-8D11-00A0C91BC942}") = "ijg8", "dcmjpeg\libijg8\ijg8.vcxproj", "{D675E46B-6FD5-34C4-9AE8-EF4EB68C416E}"
	ProjectSection(ProjectDependencies) = postProject
		{F4021BC2-DFFA-33E3-AE38-7D43E3482E43} = {F4021BC2-DFFA-33E3-AE38-7D43E3482E43}
	EndProjectSection
EndProject
Project("{8BC9CEB8-8B4A-11D0-8D11-00A0C91BC942}") = "img2dcm", "dcmdata\apps\img2dcm.vcxproj", "{1374CBF8-29B3-301D-AB2E-553A68213F90}"
	ProjectSection(ProjectDependencies) = postProject
		{F4021BC2-DFFA-33E3-AE38-7D43E3482E43} = {F4021BC2-DFFA-33E3-AE38-7D43E3482E43}
		{891C697D-84DF-3201-B1B2-1F954D550ED1} = {891C697D-84DF-3201-B1B2-1F954D550ED1}
		{469D5256-284F-3673-B389-4C895371044F} = {469D5256-284F-3673-B389-4C895371044F}
		{A1BB37C6-F3C8-3F65-B348-FF4A94164801} = {A1BB37C6-F3C8-3F65-B348-FF4A94164801}
		{BDF2C855-2686-30DA-AA84-DE46FF327EDF} = {BDF2C855-2686-30DA-AA84-DE46FF327EDF}
	EndProjectSection
EndProject
Project("{8BC9CEB8-8B4A-11D0-8D11-00A0C91BC942}") = "libi2d", "dcmdata\libi2d\libi2d.vcxproj", "{469D5256-284F-3673-B389-4C895371044F}"
	ProjectSection(ProjectDependencies) = postProject
		{F4021BC2-DFFA-33E3-AE38-7D43E3482E43} = {F4021BC2-DFFA-33E3-AE38-7D43E3482E43}
	EndProjectSection
EndProject
Project("{8BC9CEB8-8B4A-11D0-8D11-00A0C91BC942}") = "mkreport", "dcmsr\tests\mkreport.vcxproj", "{19B3E93B-6DFC-3B5D-8B49-7FDF3BB90776}"
	ProjectSection(ProjectDependencies) = postProject
		{F4021BC2-DFFA-33E3-AE38-7D43E3482E43} = {F4021BC2-DFFA-33E3-AE38-7D43E3482E43}
		{891C697D-84DF-3201-B1B2-1F954D550ED1} = {891C697D-84DF-3201-B1B2-1F954D550ED1}
		{381E6382-5AC4-3B67-B741-552CD793A38F} = {381E6382-5AC4-3B67-B741-552CD793A38F}
		{A1BB37C6-F3C8-3F65-B348-FF4A94164801} = {A1BB37C6-F3C8-3F65-B348-FF4A94164801}
		{BDF2C855-2686-30DA-AA84-DE46FF327EDF} = {BDF2C855-2686-30DA-AA84-DE46FF327EDF}
	EndProjectSection
EndProject
Project("{8BC9CEB8-8B4A-11D0-8D11-00A0C91BC942}") = "movescu", "dcmnet\apps\movescu.vcxproj", "{A9ECBD44-D1FC-336C-BDD7-7E3AAE667F84}"
	ProjectSection(ProjectDependencies) = postProject
		{F4021BC2-DFFA-33E3-AE38-7D43E3482E43} = {F4021BC2-DFFA-33E3-AE38-7D43E3482E43}
		{891C697D-84DF-3201-B1B2-1F954D550ED1} = {891C697D-84DF-3201-B1B2-1F954D550ED1}
		{2BE7B21C-A21F-33FD-B13A-42EF7EC2DBD8} = {2BE7B21C-A21F-33FD-B13A-42EF7EC2DBD8}
		{A1BB37C6-F3C8-3F65-B348-FF4A94164801} = {A1BB37C6-F3C8-3F65-B348-FF4A94164801}
		{BDF2C855-2686-30DA-AA84-DE46FF327EDF} = {BDF2C855-2686-30DA-AA84-DE46FF327EDF}
	EndProjectSection
EndProject
Project("{8BC9CEB8-8B4A-11D0-8D11-00A0C91BC942}") = "oflog", "oflog\libsrc\oflog.vcxproj", "{A1BB37C6-F3C8-3F65-B348-FF4A94164801}"
	ProjectSection(ProjectDependencies) = postProject
		{F4021BC2-DFFA-33E3-AE38-7D43E3482E43} = {F4021BC2-DFFA-33E3-AE38-7D43E3482E43}
	EndProjectSection
EndProject
Project("{8BC9CEB8-8B4A-11D0-8D11-00A0C91BC942}") = "ofstd", "ofstd\libsrc\ofstd.vcxproj", "{BDF2C855-2686-30DA-AA84-DE46FF327EDF}"
	ProjectSection(ProjectDependencies) = postProject
		{F4021BC2-DFFA-33E3-AE38-7D43E3482E43} = {F4021BC2-DFFA-33E3-AE38-7D43E3482E43}
	EndProjectSection
EndProject
Project("{8BC9CEB8-8B4A-11D0-8D11-00A0C91BC942}") = "pdf2dcm", "dcmdata\apps\pdf2dcm.vcxproj", "{19C07D97-4E6E-3860-8AA9-F7CAD677EBAB}"
	ProjectSection(ProjectDependencies) = postProject
		{F4021BC2-DFFA-33E3-AE38-7D43E3482E43} = {F4021BC2-DFFA-33E3-AE38-7D43E3482E43}
		{891C697D-84DF-3201-B1B2-1F954D550ED1} = {891C697D-84DF-3201-B1B2-1F954D550ED1}
		{A1BB37C6-F3C8-3F65-B348-FF4A94164801} = {A1BB37C6-F3C8-3F65-B348-FF4A94164801}
		{BDF2C855-2686-30DA-AA84-DE46FF327EDF} = {BDF2C855-2686-30DA-AA84-DE46FF327EDF}
	EndProjectSection
EndProject
Project("{8BC9CEB8-8B4A-11D0-8D11-00A0C91BC942}") = "storescp", "dcmnet\apps\storescp.vcxproj", "{CFFDC1FE-B57D-377F-8A0C-EED24DDCF78E}"
	ProjectSection(ProjectDependencies) = postProject
		{F4021BC2-DFFA-33E3-AE38-7D43E3482E43} = {F4021BC2-DFFA-33E3-AE38-7D43E3482E43}
		{891C697D-84DF-3201-B1B2-1F954D550ED1} = {891C697D-84DF-3201-B1B2-1F954D550ED1}
		{2BE7B21C-A21F-33FD-B13A-42EF7EC2DBD8} = {2BE7B21C-A21F-33FD-B13A-42EF7EC2DBD8}
		{091C9D1B-8159-3227-9C6A-149DB961822C} = {091C9D1B-8159-3227-9C6A-149DB961822C}
		{A1BB37C6-F3C8-3F65-B348-FF4A94164801} = {A1BB37C6-F3C8-3F65-B348-FF4A94164801}
		{BDF2C855-2686-30DA-AA84-DE46FF327EDF} = {BDF2C855-2686-30DA-AA84-DE46FF327EDF}
	EndProjectSection
EndProject
Project("{8BC9CEB8-8B4A-11D0-8D11-00A0C91BC942}") = "storescu", "dcmnet\apps\storescu.vcxproj", "{C448EE8E-D45D-353B-943A-E55E79936E79}"
	ProjectSection(ProjectDependencies) = postProject
		{F4021BC2-DFFA-33E3-AE38-7D43E3482E43} = {F4021BC2-DFFA-33E3-AE38-7D43E3482E43}
		{891C697D-84DF-3201-B1B2-1F954D550ED1} = {891C697D-84DF-3201-B1B2-1F954D550ED1}
		{2BE7B21C-A21F-33FD-B13A-42EF7EC2DBD8} = {2BE7B21C-A21F-33FD-B13A-42EF7EC2DBD8}
		{091C9D1B-8159-3227-9C6A-149DB961822C} = {091C9D1B-8159-3227-9C6A-149DB961822C}
		{A1BB37C6-F3C8-3F65-B348-FF4A94164801} = {A1BB37C6-F3C8-3F65-B348-FF4A94164801}
		{BDF2C855-2686-30DA-AA84-DE46FF327EDF} = {BDF2C855-2686-30DA-AA84-DE46FF327EDF}
	EndProjectSection
EndProject
Project("{8BC9CEB8-8B4A-11D0-8D11-00A0C91BC942}") = "termscu", "dcmnet\apps\termscu.vcxproj", "{E449991F-2419-386A-A997-93DA3CB99F89}"
	ProjectSection(ProjectDependencies) = postProject
		{F4021BC2-DFFA-33E3-AE38-7D43E3482E43} = {F4021BC2-DFFA-33E3-AE38-7D43E3482E43}
		{891C697D-84DF-3201-B1B2-1F954D550ED1} = {891C697D-84DF-3201-B1B2-1F954D550ED1}
		{2BE7B21C-A21F-33FD-B13A-42EF7EC2DBD8} = {2BE7B21C-A21F-33FD-B13A-42EF7EC2DBD8}
		{A1BB37C6-F3C8-3F65-B348-FF4A94164801} = {A1BB37C6-F3C8-3F65-B348-FF4A94164801}
		{BDF2C855-2686-30DA-AA84-DE46FF327EDF} = {BDF2C855-2686-30DA-AA84-DE46FF327EDF}
	EndProjectSection
EndProject
Project("{8BC9CEB8-8B4A-11D0-8D11-00A0C91BC942}") = "tstchval", "dcmdata\tests\tstchval.vcxproj", "{4EDD4E90-F559-3963-9D16-5F4658193BB8}"
	ProjectSection(ProjectDependencies) = postProject
		{F4021BC2-DFFA-33E3-AE38-7D43E3482E43} = {F4021BC2-DFFA-33E3-AE38-7D43E3482E43}
		{891C697D-84DF-3201-B1B2-1F954D550ED1} = {891C697D-84DF-3201-B1B2-1F954D550ED1}
		{A1BB37C6-F3C8-3F65-B348-FF4A94164801} = {A1BB37C6-F3C8-3F65-B348-FF4A94164801}
		{BDF2C855-2686-30DA-AA84-DE46FF327EDF} = {BDF2C855-2686-30DA-AA84-DE46FF327EDF}
	EndProjectSection
EndProject
Project("{8BC9CEB8-8B4A-11D0-8D11-00A0C91BC942}") = "tstpath", "dcmdata\tests\tstpath.vcxproj", "{9330A1DF-4604-32B6-9B8B-79351D96CF9F}"
	ProjectSection(ProjectDependencies) = postProject
		{F4021BC2-DFFA-33E3-AE38-7D43E3482E43} = {F4021BC2-DFFA-33E3-AE38-7D43E3482E43}
		{891C697D-84DF-3201-B1B2-1F954D550ED1} = {891C697D-84DF-3201-B1B2-1F954D550ED1}
		{A1BB37C6-F3C8-3F65-B348-FF4A94164801} = {A1BB37C6-F3C8-3F65-B348-FF4A94164801}
		{BDF2C855-2686-30DA-AA84-DE46FF327EDF} = {BDF2C855-2686-30DA-AA84-DE46FF327EDF}
	EndProjectSection
EndProject
Project("{8BC9CEB8-8B4A-11D0-8D11-00A0C91BC942}") = "tstpread", "dcmdata\tests\tstpread.vcxproj", "{72B5C36E-5184-386C-8095-B30CDC18D014}"
	ProjectSection(ProjectDependencies) = postProject
		{F4021BC2-DFFA-33E3-AE38-7D43E3482E43} = {F4021BC2-DFFA-33E3-AE38-7D43E3482E43}
		{891C697D-84DF-3201-B1B2-1F954D550ED1} = {891C697D-84DF-3201-B1B2-1F954D550ED1}
		{A1BB37C6-F3C8-3F65-B348-FF4A94164801} = {A1BB37C6-F3C8-3F65-B348-FF4A94164801}
		{BDF2C855-2686-30DA-AA84-DE46FF327EDF} = {BDF2C855-2686-30DA-AA84-DE46FF327EDF}
	EndProjectSection
EndProject
Project("{8BC9CEB8-8B4A-11D0-8D11-00A0C91BC942}") = "tvrdatim", "dcmdata\tests\tvrdatim.vcxproj", "{3D4ABC8F-B378-30C3-B314-C7A5E0F0A433}"
	ProjectSection(ProjectDependencies) = postProject
		{F4021BC2-DFFA-33E3-AE38-7D43E3482E43} = {F4021BC2-DFFA-33E3-AE38-7D43E3482E43}
		{891C697D-84DF-3201-B1B2-1F954D550ED1} = {891C697D-84DF-3201-B1B2-1F954D550ED1}
		{A1BB37C6-F3C8-3F65-B348-FF4A94164801} = {A1BB37C6-F3C8-3F65-B348-FF4A94164801}
		{BDF2C855-2686-30DA-AA84-DE46FF327EDF} = {BDF2C855-2686-30DA-AA84-DE46FF327EDF}
	EndProjectSection
EndProject
Project("{8BC9CEB8-8B4A-11D0-8D11-00A0C91BC942}") = "wlmscpfs", "dcmwlm\apps\wlmscpfs.vcxproj", "{9D2913B7-E846-3F51-AECC-37707D53AD62}"
	ProjectSection(ProjectDependencies) = postProject
		{F4021BC2-DFFA-33E3-AE38-7D43E3482E43} = {F4021BC2-DFFA-33E3-AE38-7D43E3482E43}
		{891C697D-84DF-3201-B1B2-1F954D550ED1} = {891C697D-84DF-3201-B1B2-1F954D550ED1}
		{2BE7B21C-A21F-33FD-B13A-42EF7EC2DBD8} = {2BE7B21C-A21F-33FD-B13A-42EF7EC2DBD8}
		{091C9D1B-8159-3227-9C6A-149DB961822C} = {091C9D1B-8159-3227-9C6A-149DB961822C}
		{0BAC6650-9B6C-3C65-BB47-67439C2A6A6A} = {0BAC6650-9B6C-3C65-BB47-67439C2A6A6A}
		{A1BB37C6-F3C8-3F65-B348-FF4A94164801} = {A1BB37C6-F3C8-3F65-B348-FF4A94164801}
		{BDF2C855-2686-30DA-AA84-DE46FF327EDF} = {BDF2C855-2686-30DA-AA84-DE46FF327EDF}
	EndProjectSection
EndProject
Project("{8BC9CEB8-8B4A-11D0-8D11-00A0C91BC942}") = "xml2dcm", "dcmdata\apps\xml2dcm.vcxproj", "{F30836C1-7A82-39BB-B9DE-F90E217937C6}"
	ProjectSection(ProjectDependencies) = postProject
		{F4021BC2-DFFA-33E3-AE38-7D43E3482E43} = {F4021BC2-DFFA-33E3-AE38-7D43E3482E43}
		{891C697D-84DF-3201-B1B2-1F954D550ED1} = {891C697D-84DF-3201-B1B2-1F954D550ED1}
		{A1BB37C6-F3C8-3F65-B348-FF4A94164801} = {A1BB37C6-F3C8-3F65-B348-FF4A94164801}
		{BDF2C855-2686-30DA-AA84-DE46FF327EDF} = {BDF2C855-2686-30DA-AA84-DE46FF327EDF}
	EndProjectSection
EndProject
Project("{8BC9CEB8-8B4A-11D0-8D11-00A0C91BC942}") = "xml2dsr", "dcmsr\apps\xml2dsr.vcxproj", "{0E832DBF-6BDD-3835-BAF4-A5AA9AF97BFF}"
	ProjectSection(ProjectDependencies) = postProject
		{F4021BC2-DFFA-33E3-AE38-7D43E3482E43} = {F4021BC2-DFFA-33E3-AE38-7D43E3482E43}
		{891C697D-84DF-3201-B1B2-1F954D550ED1} = {891C697D-84DF-3201-B1B2-1F954D550ED1}
		{381E6382-5AC4-3B67-B741-552CD793A38F} = {381E6382-5AC4-3B67-B741-552CD793A38F}
		{A1BB37C6-F3C8-3F65-B348-FF4A94164801} = {A1BB37C6-F3C8-3F65-B348-FF4A94164801}
		{BDF2C855-2686-30DA-AA84-DE46FF327EDF} = {BDF2C855-2686-30DA-AA84-DE46FF327EDF}
	EndProjectSection
EndProject
Global
	GlobalSection(SolutionConfigurationPlatforms) = preSolution
		Release|x64 = Release|x64
	EndGlobalSection
	GlobalSection(ProjectConfigurationPlatforms) = postSolution
		{8D558233-BDEF-374D-999A-C98D0C810941}.Release|x64.ActiveCfg = Release|x64
		{8D558233-BDEF-374D-999A-C98D0C810941}.Release|x64.Build.0 = Release|x64
		{D4978992-7000-37FA-8C8E-D81D1B000E45}.Release|x64.ActiveCfg = Release|x64
		{F4021BC2-DFFA-33E3-AE38-7D43E3482E43}.Release|x64.ActiveCfg = Release|x64
		{F4021BC2-DFFA-33E3-AE38-7D43E3482E43}.Release|x64.Build.0 = Release|x64
		{CB42EAF8-2F80-31C3-9514-DF0A99C89A58}.Release|x64.ActiveCfg = Release|x64
		{CB42EAF8-2F80-31C3-9514-DF0A99C89A58}.Release|x64.Build.0 = Release|x64
		{5A6E4F53-B6ED-3F90-9D57-C906892AA5A4}.Release|x64.ActiveCfg = Release|x64
		{5A6E4F53-B6ED-3F90-9D57-C906892AA5A4}.Release|x64.Build.0 = Release|x64
		{1AEF5804-89CD-3207-9F35-60A7AFCCBB7B}.Release|x64.ActiveCfg = Release|x64
		{1AEF5804-89CD-3207-9F35-60A7AFCCBB7B}.Release|x64.Build.0 = Release|x64
		{46463CC1-379F-3E94-977C-5177EA605E5D}.Release|x64.ActiveCfg = Release|x64
		{46463CC1-379F-3E94-977C-5177EA605E5D}.Release|x64.Build.0 = Release|x64
		{4FE7AEDA-A917-3620-BCB4-7F9FF9313AA0}.Release|x64.ActiveCfg = Release|x64
		{4FE7AEDA-A917-3620-BCB4-7F9FF9313AA0}.Release|x64.Build.0 = Release|x64
		{736D4D61-1EDA-3447-B88D-4A72962A4E48}.Release|x64.ActiveCfg = Release|x64
		{736D4D61-1EDA-3447-B88D-4A72962A4E48}.Release|x64.Build.0 = Release|x64
		{1AB58CF1-969B-31E0-BD51-BF9812BEABFF}.Release|x64.ActiveCfg = Release|x64
		{1AB58CF1-969B-31E0-BD51-BF9812BEABFF}.Release|x64.Build.0 = Release|x64
		{C0D080D4-B088-38A7-8538-0688A139B11F}.Release|x64.ActiveCfg = Release|x64
		{C0D080D4-B088-38A7-8538-0688A139B11F}.Release|x64.Build.0 = Release|x64
		{891C697D-84DF-3201-B1B2-1F954D550ED1}.Release|x64.ActiveCfg = Release|x64
		{891C697D-84DF-3201-B1B2-1F954D550ED1}.Release|x64.Build.0 = Release|x64
		{96C34222-6BC6-3833-B287-62F4D3F439DB}.Release|x64.ActiveCfg = Release|x64
		{96C34222-6BC6-3833-B287-62F4D3F439DB}.Release|x64.Build.0 = Release|x64
		{CD91D0D7-B1B6-3FBA-AC8C-F1821281DF20}.Release|x64.ActiveCfg = Release|x64
		{CD91D0D7-B1B6-3FBA-AC8C-F1821281DF20}.Release|x64.Build.0 = Release|x64
		{7B5E293A-87BD-3BDC-8B92-D8311ED1F7CE}.Release|x64.ActiveCfg = Release|x64
		{7B5E293A-87BD-3BDC-8B92-D8311ED1F7CE}.Release|x64.Build.0 = Release|x64
		{C97500B8-642D-37A6-8E87-795CDE5F3F94}.Release|x64.ActiveCfg = Release|x64
		{C97500B8-642D-37A6-8E87-795CDE5F3F94}.Release|x64.Build.0 = Release|x64
		{4D738AED-EF6A-388B-B8BF-102F0E9BCA40}.Release|x64.ActiveCfg = Release|x64
		{4D738AED-EF6A-388B-B8BF-102F0E9BCA40}.Release|x64.Build.0 = Release|x64
		{393A97A1-2EDE-3FE5-8E2F-83BDA0D6FF6D}.Release|x64.ActiveCfg = Release|x64
		{393A97A1-2EDE-3FE5-8E2F-83BDA0D6FF6D}.Release|x64.Build.0 = Release|x64
		{FDB3ACD7-651B-32DC-93AB-291EDC5AFF0B}.Release|x64.ActiveCfg = Release|x64
		{FDB3ACD7-651B-32DC-93AB-291EDC5AFF0B}.Release|x64.Build.0 = Release|x64
		{FD3636EC-0B41-34FF-9F98-DD83FF09A5CA}.Release|x64.ActiveCfg = Release|x64
		{FD3636EC-0B41-34FF-9F98-DD83FF09A5CA}.Release|x64.Build.0 = Release|x64
		{A947F26D-E5E0-3AE8-9B8A-E90C8EDEAB39}.Release|x64.ActiveCfg = Release|x64
		{A947F26D-E5E0-3AE8-9B8A-E90C8EDEAB39}.Release|x64.Build.0 = Release|x64
		{66BEB99B-0A07-39AC-8E4D-DECCF262A7F8}.Release|x64.ActiveCfg = Release|x64
		{66BEB99B-0A07-39AC-8E4D-DECCF262A7F8}.Release|x64.Build.0 = Release|x64
		{399E5F2E-3AA8-34E9-A002-063D4BB00F23}.Release|x64.ActiveCfg = Release|x64
		{399E5F2E-3AA8-34E9-A002-063D4BB00F23}.Release|x64.Build.0 = Release|x64
		{B2E3F055-17BB-32D5-B32C-78C6FFB9E834}.Release|x64.ActiveCfg = Release|x64
		{B2E3F055-17BB-32D5-B32C-78C6FFB9E834}.Release|x64.Build.0 = Release|x64
		{D431AAE3-6EFB-345B-A9B3-FCBFB6CE560F}.Release|x64.ActiveCfg = Release|x64
		{D431AAE3-6EFB-345B-A9B3-FCBFB6CE560F}.Release|x64.Build.0 = Release|x64
		{C07067E1-9CB3-353A-9DED-5A03768CAC68}.Release|x64.ActiveCfg = Release|x64
		{C07067E1-9CB3-353A-9DED-5A03768CAC68}.Release|x64.Build.0 = Release|x64
		{438A52B0-B5C1-3792-B592-2CD9AA20DE1D}.Release|x64.ActiveCfg = Release|x64
		{438A52B0-B5C1-3792-B592-2CD9AA20DE1D}.Release|x64.Build.0 = Release|x64
		{65220654-05F9-315B-BD17-1DB0DD432669}.Release|x64.ActiveCfg = Release|x64
		{65220654-05F9-315B-BD17-1DB0DD432669}.Release|x64.Build.0 = Release|x64
		{FD39F01A-49B0-35E4-8EC6-7EFEB139FD2A}.Release|x64.ActiveCfg = Release|x64
		{FD39F01A-49B0-35E4-8EC6-7EFEB139FD2A}.Release|x64.Build.0 = Release|x64
		{2BE7B21C-A21F-33FD-B13A-42EF7EC2DBD8}.Release|x64.ActiveCfg = Release|x64
		{2BE7B21C-A21F-33FD-B13A-42EF7EC2DBD8}.Release|x64.Build.0 = Release|x64
		{C8E9AC28-7F84-3B8C-9C80-7518063B20C4}.Release|x64.ActiveCfg = Release|x64
		{C8E9AC28-7F84-3B8C-9C80-7518063B20C4}.Release|x64.Build.0 = Release|x64
		{C9C61AEF-452A-3F5C-A330-F271FD0F7101}.Release|x64.ActiveCfg = Release|x64
		{C9C61AEF-452A-3F5C-A330-F271FD0F7101}.Release|x64.Build.0 = Release|x64
		{09956690-D29A-33AA-9A98-FFB3B0A122E3}.Release|x64.ActiveCfg = Release|x64
		{09956690-D29A-33AA-9A98-FFB3B0A122E3}.Release|x64.Build.0 = Release|x64
		{2A7BB414-5FA3-32FD-85C8-EA8BAD635AA9}.Release|x64.ActiveCfg = Release|x64
		{2A7BB414-5FA3-32FD-85C8-EA8BAD635AA9}.Release|x64.Build.0 = Release|x64
		{BD9870A3-4291-35AA-90AC-BBEA46C5C72C}.Release|x64.ActiveCfg = Release|x64
		{BD9870A3-4291-35AA-90AC-BBEA46C5C72C}.Release|x64.Build.0 = Release|x64
		{D20C97C4-EA96-34BF-AF6F-081BA421C74C}.Release|x64.ActiveCfg = Release|x64
		{D20C97C4-EA96-34BF-AF6F-081BA421C74C}.Release|x64.Build.0 = Release|x64
		{78C77C39-45F6-3F03-AF7A-9662DD419661}.Release|x64.ActiveCfg = Release|x64
		{78C77C39-45F6-3F03-AF7A-9662DD419661}.Release|x64.Build.0 = Release|x64
		{6C67A03E-BEF5-3E5A-80D5-7C59E01B7397}.Release|x64.ActiveCfg = Release|x64
		{6C67A03E-BEF5-3E5A-80D5-7C59E01B7397}.Release|x64.Build.0 = Release|x64
		{CB06DF4C-7DA7-39A4-B867-ACD532B95F51}.Release|x64.ActiveCfg = Release|x64
		{CB06DF4C-7DA7-39A4-B867-ACD532B95F51}.Release|x64.Build.0 = Release|x64
		{C553530C-BC17-3E27-8FCA-15ECFDFE1DAF}.Release|x64.ActiveCfg = Release|x64
		{C553530C-BC17-3E27-8FCA-15ECFDFE1DAF}.Release|x64.Build.0 = Release|x64
		{60CCC2A3-F8FE-3127-85BF-B8B4680A9607}.Release|x64.ActiveCfg = Release|x64
		{60CCC2A3-F8FE-3127-85BF-B8B4680A9607}.Release|x64.Build.0 = Release|x64
		{8D0F9057-D067-3C9E-9E04-BEFD10A8D054}.Release|x64.ActiveCfg = Release|x64
		{8D0F9057-D067-3C9E-9E04-BEFD10A8D054}.Release|x64.Build.0 = Release|x64
		{38D3D2C2-5476-3844-A178-FB25BE33E2E4}.Release|x64.ActiveCfg = Release|x64
		{38D3D2C2-5476-3844-A178-FB25BE33E2E4}.Release|x64.Build.0 = Release|x64
		{4B9E2EAD-5820-3D52-8A77-8F467B6627A0}.Release|x64.ActiveCfg = Release|x64
		{4B9E2EAD-5820-3D52-8A77-8F467B6627A0}.Release|x64.Build.0 = Release|x64
		{73CBB72B-C10F-3101-B957-6B984FC1854D}.Release|x64.ActiveCfg = Release|x64
		{73CBB72B-C10F-3101-B957-6B984FC1854D}.Release|x64.Build.0 = Release|x64
		{A5FF2D77-D1C0-32C6-9731-B8DB84941A68}.Release|x64.ActiveCfg = Release|x64
		{A5FF2D77-D1C0-32C6-9731-B8DB84941A68}.Release|x64.Build.0 = Release|x64
		{1CD7A340-A732-38DB-B9F4-6A218B8ECAFF}.Release|x64.ActiveCfg = Release|x64
		{1CD7A340-A732-38DB-B9F4-6A218B8ECAFF}.Release|x64.Build.0 = Release|x64
		{381E6382-5AC4-3B67-B741-552CD793A38F}.Release|x64.ActiveCfg = Release|x64
		{381E6382-5AC4-3B67-B741-552CD793A38F}.Release|x64.Build.0 = Release|x64
		{091C9D1B-8159-3227-9C6A-149DB961822C}.Release|x64.ActiveCfg = Release|x64
		{091C9D1B-8159-3227-9C6A-149DB961822C}.Release|x64.Build.0 = Release|x64
		{0BAC6650-9B6C-3C65-BB47-67439C2A6A6A}.Release|x64.ActiveCfg = Release|x64
		{0BAC6650-9B6C-3C65-BB47-67439C2A6A6A}.Release|x64.Build.0 = Release|x64
		{87B8F82C-088C-3EFE-8C95-A85CE46B8821}.Release|x64.ActiveCfg = Release|x64
		{87B8F82C-088C-3EFE-8C95-A85CE46B8821}.Release|x64.Build.0 = Release|x64
		{9B268F9B-EE36-3AEE-AC36-62A5BE0CA14A}.Release|x64.ActiveCfg = Release|x64
		{9B268F9B-EE36-3AEE-AC36-62A5BE0CA14A}.Release|x64.Build.0 = Release|x64
		{E39BF5D6-170A-381E-A2EF-9CA802390416}.Release|x64.ActiveCfg = Release|x64
		{E39BF5D6-170A-381E-A2EF-9CA802390416}.Release|x64.Build.0 = Release|x64
		{5705FB80-B4FD-34AD-9B29-ED8F2929F3D8}.Release|x64.ActiveCfg = Release|x64
		{5705FB80-B4FD-34AD-9B29-ED8F2929F3D8}.Release|x64.Build.0 = Release|x64
		{00C93D59-F738-3ED9-A81C-9E4356A9862D}.Release|x64.ActiveCfg = Release|x64
		{00C93D59-F738-3ED9-A81C-9E4356A9862D}.Release|x64.Build.0 = Release|x64
		{A4878908-231D-34A1-87B0-16B794417293}.Release|x64.ActiveCfg = Release|x64
		{A4878908-231D-34A1-87B0-16B794417293}.Release|x64.Build.0 = Release|x64
		{47D472D4-6DEF-3435-837A-C27C67917596}.Release|x64.ActiveCfg = Release|x64
		{47D472D4-6DEF-3435-837A-C27C67917596}.Release|x64.Build.0 = Release|x64
		{DD9A4620-6270-3817-9327-6BD62C35D122}.Release|x64.ActiveCfg = Release|x64
		{DD9A4620-6270-3817-9327-6BD62C35D122}.Release|x64.Build.0 = Release|x64
		{BCAC9C3B-EE55-3E20-8066-307459097368}.Release|x64.ActiveCfg = Release|x64
		{BCAC9C3B-EE55-3E20-8066-307459097368}.Release|x64.Build.0 = Release|x64
		{D004AEA7-DBA3-304B-B66A-F4D23EE9E067}.Release|x64.ActiveCfg = Release|x64
		{D004AEA7-DBA3-304B-B66A-F4D23EE9E067}.Release|x64.Build.0 = Release|x64
		{41A9EE40-82BA-3A15-B3E8-A351D7CA900E}.Release|x64.ActiveCfg = Release|x64
		{41A9EE40-82BA-3A15-B3E8-A351D7CA900E}.Release|x64.Build.0 = Release|x64
		{D675E46B-6FD5-34C4-9AE8-EF4EB68C416E}.Release|x64.ActiveCfg = Release|x64
		{D675E46B-6FD5-34C4-9AE8-EF4EB68C416E}.Release|x64.Build.0 = Release|x64
		{1374CBF8-29B3-301D-AB2E-553A68213F90}.Release|x64.ActiveCfg = Release|x64
		{1374CBF8-29B3-301D-AB2E-553A68213F90}.Release|x64.Build.0 = Release|x64
		{469D5256-284F-3673-B389-4C895371044F}.Release|x64.ActiveCfg = Release|x64
		{469D5256-284F-3673-B389-4C895371044F}.Release|x64.Build.0 = Release|x64
		{19B3E93B-6DFC-3B5D-8B49-7FDF3BB90776}.Release|x64.ActiveCfg = Release|x64
		{19B3E93B-6DFC-3B5D-8B49-7FDF3BB90776}.Release|x64.Build.0 = Release|x64
		{A9ECBD44-D1FC-336C-BDD7-7E3AAE667F84}.Release|x64.ActiveCfg = Release|x64
		{A9ECBD44-D1FC-336C-BDD7-7E3AAE667F84}.Release|x64.Build.0 = Release|x64
		{A1BB37C6-F3C8-3F65-B348-FF4A94164801}.Release|x64.ActiveCfg = Release|x64
		{A1BB37C6-F3C8-3F65-B348-FF4A94164801}.Release|x64.Build.0 = Release|x64
		{BDF2C855-2686-30DA-AA84-DE46FF327EDF}.Release|x64.ActiveCfg = Release|x64
		{BDF2C855-2686-30DA-AA84-DE46FF327EDF}.Release|x64.Build.0 = Release|x64
		{19C07D97-4E6E-3860-8AA9-F7CAD677EBAB}.Release|x64.ActiveCfg = Release|x64
		{19C07D97-4E6E-3860-8AA9-F7CAD677EBAB}.Release|x64.Build.0 = Release|x64
		{CFFDC1FE-B57D-377F-8A0C-EED24DDCF78E}.Release|x64.ActiveCfg = Release|x64
		{CFFDC1FE-B57D-377F-8A0C-EED24DDCF78E}.Release|x64.Build.0 = Release|x64
		{C448EE8E-D45D-353B-943A-E55E79936E79}.Release|x64.ActiveCfg = Release|x64
		{C448EE8E-D45D-353B-943A-E55E79936E79}.Release|x64.Build.0 = Release|x64
		{E449991F-2419-386A-A997-93DA3CB99F89}.Release|x64.ActiveCfg = Release|x64
		{E449991F-2419-386A-A997-93DA3CB99F89}.Release|x64.Build.0 = Release|x64
		{4EDD4E90-F559-3963-9D16-5F4658193BB8}.Release|x64.ActiveCfg = Release|x64
		{4EDD4E90-F559-3963-9D16-5F4658193BB8}.Release|x64.Build.0 = Release|x64
		{9330A1DF-4604-32B6-9B8B-79351D96CF9F}.Release|x64.ActiveCfg = Release|x64
		{9330A1DF-4604-32B6-9B8B-79351D96CF9F}.Release|x64.Build.0 = Release|x64
		{72B5C36E-5184-386C-8095-B30CDC18D014}.Release|x64.ActiveCfg = Release|x64
		{72B5C36E-5184-386C-8095-B30CDC18D014}.Release|x64.Build.0 = Release|x64
		{3D4ABC8F-B378-30C3-B314-C7A5E0F0A433}.Release|x64.ActiveCfg = Release|x64
		{3D4ABC8F-B378-30C3-B314-C7A5E0F0A433}.Release|x64.Build.0 = Release|x64
		{9D2913B7-E846-3F51-AECC-37707D53AD62}.Release|x64.ActiveCfg = Release|x64
		{9D2913B7-E846-3F51-AECC-37707D53AD62}.Release|x64.Build.0 = Release|x64
		{F30836C1-7A82-39BB-B9DE-F90E217937C6}.Release|x64.ActiveCfg = Release|x64
		{F30836C1-7A82-39BB-B9DE-F90E217937C6}.Release|x64.Build.0 = Release|x64
		{0E832DBF-6BDD-3835-BAF4-A5AA9AF97BFF}.Release|x64.ActiveCfg = Release|x64
		{0E832DBF-6BDD-3835-BAF4-A5AA9AF97BFF}.Release|x64.Build.0 = Release|x64
	EndGlobalSection
	GlobalSection(ExtensibilityGlobals) = postSolution
	EndGlobalSection
	GlobalSection(ExtensibilityAddIns) = postSolution
	EndGlobalSection
EndGlobal
