Microsoft Visual Studio Solution File, Format Version 12.00
# Visual Studio 2013
Project("{8BC9CEB8-8B4A-11D0-8D11-00A0C91BC942}") = "ALL_BUILD", "ALL_BUILD.vcxproj", "{8D558233-BDEF-374D-999A-C98D0C810941}"
	ProjectSection(ProjectDependencies) = postProject
		{F4021BC2-DFFA-33E3-AE38-7D43E3482E43} = {F4021BC2-DFFA-33E3-AE38-7D43E3482E43}
		{BDF2C855-2686-30DA-AA84-DE46FF327EDF} = {BDF2C855-2686-30DA-AA84-DE46FF327EDF}
	EndProjectSection
EndProject
Project("{8BC9CEB8-8B4A-11D0-8D11-00A0C91BC942}") = "INSTALL", "INSTALL.vcxproj", "{D4978992-7000-37FA-8C8E-D81D1B000E45}"
	ProjectSection(ProjectDependencies) = postProject
		{8D558233-BDEF-374D-999A-C98D0C810941} = {8D558233-BDEF-374D-999A-C98D0C810941}
		{F4021BC2-DFFA-33E3-AE38-7D43E3482E43} = {F4021BC2-DFFA-33E3-AE38-7D43E3482E43}
	EndProjectSection
EndProject
Project("{8BC9CEB8-8B4A-11D0-8D11-00A0C91BC942}") = "ZERO_CHECK", "..\\ZERO_CHECK.vcxproj", "{F4021BC2-DFFA-33E3-AE38-7D43E3482E43}"
	ProjectSection(ProjectDependencies) = postProject
	EndProjectSection
EndProject
Project("{8BC9CEB8-8B4A-11D0-8D11-00A0C91BC942}") = "ofstd", "libsrc\ofstd.vcxproj", "{BDF2C855-2686-30DA-AA84-DE46FF327EDF}"
	ProjectSection(ProjectDependencies) = postProject
		{F4021BC2-DFFA-33E3-AE38-7D43E3482E43} = {F4021BC2-DFFA-33E3-AE38-7D43E3482E43}
	EndProjectSection
EndProject
Global
	GlobalSection(SolutionConfigurationPlatforms) = preSolution
		Release|x64 = Release|x64
	EndGlobalSection
	GlobalSection(ProjectConfigurationPlatforms) = postSolution
		{8D558233-BDEF-374D-999A-C98D0C810941}.Release|x64.ActiveCfg = Release|x64
		{8D558233-BDEF-374D-999A-C98D0C810941}.Release|x64.Build.0 = Release|x64
		{D4978992-7000-37FA-8C8E-D81D1B000E45}.Release|x64.ActiveCfg = Release|x64
		{F4021BC2-DFFA-33E3-AE38-7D43E3482E43}.Release|x64.ActiveCfg = Release|x64
		{F4021BC2-DFFA-33E3-AE38-7D43E3482E43}.Release|x64.Build.0 = Release|x64
		{BDF2C855-2686-30DA-AA84-DE46FF327EDF}.Release|x64.ActiveCfg = Release|x64
		{BDF2C855-2686-30DA-AA84-DE46FF327EDF}.Release|x64.Build.0 = Release|x64
	EndGlobalSection
	GlobalSection(ExtensibilityGlobals) = postSolution
	EndGlobalSection
	GlobalSection(ExtensibilityAddIns) = postSolution
	EndGlobalSection
EndGlobal
